// !$*UTF8*$!
{
	archiveVersion = 1;
	classes = {
	};
	objectVersion = 46;
	objects = {

/* Begin PBXBuildFile section */
		3C0FC88015114B2700A30E66 /* HomeViewController.m in Sources */ = {isa = PBXBuildFile; fileRef = 3C0FC87F15114B2700A30E66 /* HomeViewController.m */; };
		3C0FC88315114BF800A30E66 /* AuthViewController.m in Sources */ = {isa = PBXBuildFile; fileRef = 3C0FC88215114BF800A30E66 /* AuthViewController.m */; };
		3C12D3C9150C45F9000915A5 /* UIKit.framework in Frameworks */ = {isa = PBXBuildFile; fileRef = 3C12D3C8150C45F9000915A5 /* UIKit.framework */; };
		3C12D3CB150C45F9000915A5 /* Foundation.framework in Frameworks */ = {isa = PBXBuildFile; fileRef = 3C12D3CA150C45F9000915A5 /* Foundation.framework */; };
		3C12D3CD150C45F9000915A5 /* CoreGraphics.framework in Frameworks */ = {isa = PBXBuildFile; fileRef = 3C12D3CC150C45F9000915A5 /* CoreGraphics.framework */; };
		3C12D3D3150C45F9000915A5 /* InfoPlist.strings in Resources */ = {isa = PBXBuildFile; fileRef = 3C12D3D1150C45F9000915A5 /* InfoPlist.strings */; };
		3C12D3D5150C45F9000915A5 /* main.m in Sources */ = {isa = PBXBuildFile; fileRef = 3C12D3D4150C45F9000915A5 /* main.m */; };
		3C12D3D9150C45F9000915A5 /* AppDelegate.m in Sources */ = {isa = PBXBuildFile; fileRef = 3C12D3D8150C45F9000915A5 /* AppDelegate.m */; };
		3C12D3DC150C45F9000915A5 /* MainStoryboard_iPhone.storyboard in Resources */ = {isa = PBXBuildFile; fileRef = 3C12D3DA150C45F9000915A5 /* MainStoryboard_iPhone.storyboard */; };
		3C12D3EA150C45F9000915A5 /* SenTestingKit.framework in Frameworks */ = {isa = PBXBuildFile; fileRef = 3C12D3E9150C45F9000915A5 /* SenTestingKit.framework */; };
		3C12D3EB150C45F9000915A5 /* UIKit.framework in Frameworks */ = {isa = PBXBuildFile; fileRef = 3C12D3C8150C45F9000915A5 /* UIKit.framework */; };
		3C12D3EC150C45F9000915A5 /* Foundation.framework in Frameworks */ = {isa = PBXBuildFile; fileRef = 3C12D3CA150C45F9000915A5 /* Foundation.framework */; };
		3C12D3F4150C45F9000915A5 /* InfoPlist.strings in Resources */ = {isa = PBXBuildFile; fileRef = 3C12D3F2150C45F9000915A5 /* InfoPlist.strings */; };
		3C12D3F7150C45F9000915A5 /* SimpleMoneyTests.m in Sources */ = {isa = PBXBuildFile; fileRef = 3C12D3F6150C45F9000915A5 /* SimpleMoneyTests.m */; };
		3C12D40B150C4CF5000915A5 /* SignInViewController.m in Sources */ = {isa = PBXBuildFile; fileRef = 3C12D40A150C4CF5000915A5 /* SignInViewController.m */; };
		3C12D40D150C64BF000915A5 /* landing-bg@2x.png in Resources */ = {isa = PBXBuildFile; fileRef = 3C12D40C150C64BF000915A5 /* landing-bg@2x.png */; };
		3C12D411150C6837000915A5 /* SignUpViewController.m in Sources */ = {isa = PBXBuildFile; fileRef = 3C12D410150C6837000915A5 /* SignUpViewController.m */; };
		3C235A9F150C6C920036B08B /* CurledViewBase.m in Sources */ = {isa = PBXBuildFile; fileRef = 3C235A9C150C6C920036B08B /* CurledViewBase.m */; };
		3C235AA0150C6C920036B08B /* UIImageView+Curled.m in Sources */ = {isa = PBXBuildFile; fileRef = 3C235A9E150C6C920036B08B /* UIImageView+Curled.m */; };
		3C235AA4150C712D0036B08B /* QuartzCore.framework in Frameworks */ = {isa = PBXBuildFile; fileRef = 3C235AA3150C712D0036B08B /* QuartzCore.framework */; };
		3C5F9C84151138C300201B20 /* InitialViewController.m in Sources */ = {isa = PBXBuildFile; fileRef = 3C5F9C83151138C300201B20 /* InitialViewController.m */; };
		3C5F9C881511401F00201B20 /* KeychainWrapper.m in Sources */ = {isa = PBXBuildFile; fileRef = 3C5F9C871511401F00201B20 /* KeychainWrapper.m */; };
		3C7CB19D150D99DB0056E1FD /* UIImage+ScaledImage.m in Sources */ = {isa = PBXBuildFile; fileRef = 3C7CB19C150D99DB0056E1FD /* UIImage+ScaledImage.m */; };
		3C7CB1A1150DBFF20056E1FD /* User.m in Sources */ = {isa = PBXBuildFile; fileRef = 3C7CB1A0150DBFF20056E1FD /* User.m */; };
		3C7CB1AB150DCC1F0056E1FD /* MBProgressHUD.m in Sources */ = {isa = PBXBuildFile; fileRef = 3C7CB1AA150DCC1F0056E1FD /* MBProgressHUD.m */; };
		3C7CB1B0150DCE330056E1FD /* MBProgressHUD.m in Sources */ = {isa = PBXBuildFile; fileRef = 3C7CB1AA150DCC1F0056E1FD /* MBProgressHUD.m */; };
		3C7CB1B4150DD4890056E1FD /* checkmark.png in Resources */ = {isa = PBXBuildFile; fileRef = 3C7CB1B3150DD4890056E1FD /* checkmark.png */; };
		3C7CB1B6150DD6500056E1FD /* checkmark@2x.png in Resources */ = {isa = PBXBuildFile; fileRef = 3C7CB1B5150DD6500056E1FD /* checkmark@2x.png */; };
		3C88E1801513EBDE002D5C7C /* AddressBook.framework in Frameworks */ = {isa = PBXBuildFile; fileRef = 3C88E17E1513EBDD002D5C7C /* AddressBook.framework */; };
		3C88E1811513EBDE002D5C7C /* AddressBookUI.framework in Frameworks */ = {isa = PBXBuildFile; fileRef = 3C88E17F1513EBDD002D5C7C /* AddressBookUI.framework */; };
		3CE836821511637A00A72EAE /* MapKit.framework in Frameworks */ = {isa = PBXBuildFile; fileRef = 3CE836811511637A00A72EAE /* MapKit.framework */; };
		3CF24A3F150C74C40048A70B /* CurledViewBase.m in Sources */ = {isa = PBXBuildFile; fileRef = 3C235A9C150C6C920036B08B /* CurledViewBase.m */; };
		3CF24A40150C74C40048A70B /* UIImageView+Curled.m in Sources */ = {isa = PBXBuildFile; fileRef = 3C235A9E150C6C920036B08B /* UIImageView+Curled.m */; };
		3CF24A48150C80FC0048A70B /* UIButton+Curled.m in Sources */ = {isa = PBXBuildFile; fileRef = 3CF24A47150C80FC0048A70B /* UIButton+Curled.m */; };
		3CF24A49150C810B0048A70B /* UIButton+Curled.m in Sources */ = {isa = PBXBuildFile; fileRef = 3CF24A47150C80FC0048A70B /* UIButton+Curled.m */; };
		3CF24A63150C8AB30048A70B /* CFNetwork.framework in Frameworks */ = {isa = PBXBuildFile; fileRef = 3CF24A62150C8AB30048A70B /* CFNetwork.framework */; };
		3CF24A65150C8AB90048A70B /* CoreData.framework in Frameworks */ = {isa = PBXBuildFile; fileRef = 3CF24A64150C8AB90048A70B /* CoreData.framework */; };
		3CF24A67150C8ABE0048A70B /* Security.framework in Frameworks */ = {isa = PBXBuildFile; fileRef = 3CF24A66150C8ABE0048A70B /* Security.framework */; };
		3CF24A69150C8AC50048A70B /* MobileCoreServices.framework in Frameworks */ = {isa = PBXBuildFile; fileRef = 3CF24A68150C8AC50048A70B /* MobileCoreServices.framework */; };
		3CF24A6B150C8ACB0048A70B /* SystemConfiguration.framework in Frameworks */ = {isa = PBXBuildFile; fileRef = 3CF24A6A150C8ACB0048A70B /* SystemConfiguration.framework */; };
		3CF24A6D150C8AD40048A70B /* libxml2.dylib in Frameworks */ = {isa = PBXBuildFile; fileRef = 3CF24A6C150C8AD40048A70B /* libxml2.dylib */; };
		3CF24A6E150C8ADE0048A70B /* libRestKit.a in Frameworks */ = {isa = PBXBuildFile; fileRef = 3CF24A59150C8A540048A70B /* libRestKit.a */; };
		3CF24A72150C9EED0048A70B /* SimpleMoney.xcdatamodeld in Sources */ = {isa = PBXBuildFile; fileRef = 3CF24A70150C9EED0048A70B /* SimpleMoney.xcdatamodeld */; };
		3CF24A78150C9FA80048A70B /* Transaction.m in Sources */ = {isa = PBXBuildFile; fileRef = 3CF24A77150C9FA80048A70B /* Transaction.m */; };
		3CF24A83150CB09D0048A70B /* profile.png in Resources */ = {isa = PBXBuildFile; fileRef = 3CF24A81150CB09D0048A70B /* profile.png */; };
		3CF24A84150CB09D0048A70B /* profile@2x.png in Resources */ = {isa = PBXBuildFile; fileRef = 3CF24A82150CB09D0048A70B /* profile@2x.png */; };
		3CF24A86150CB25D0048A70B /* landing-bg.png in Resources */ = {isa = PBXBuildFile; fileRef = 3CF24A85150CB25D0048A70B /* landing-bg.png */; };
		3CF24A89150D6BA70048A70B /* photobutton.png in Resources */ = {isa = PBXBuildFile; fileRef = 3CF24A87150D6BA70048A70B /* photobutton.png */; };
		3CF24A8A150D6BA70048A70B /* photobutton@2x.png in Resources */ = {isa = PBXBuildFile; fileRef = 3CF24A88150D6BA70048A70B /* photobutton@2x.png */; };
		3CF24A97150D8AA80048A70B /* libSDWebImage.a in Frameworks */ = {isa = PBXBuildFile; fileRef = 3CF24A96150D8A860048A70B /* libSDWebImage.a */; };
/* End PBXBuildFile section */

/* Begin PBXContainerItemProxy section */
		3C12D3ED150C45F9000915A5 /* PBXContainerItemProxy */ = {
			isa = PBXContainerItemProxy;
			containerPortal = 3C12D3BB150C45F9000915A5 /* Project object */;
			proxyType = 1;
			remoteGlobalIDString = 3C12D3C3150C45F9000915A5;
			remoteInfo = SimpleMoney;
		};
		3CF24A58150C8A540048A70B /* PBXContainerItemProxy */ = {
			isa = PBXContainerItemProxy;
			containerPortal = 3CF24A4E150C8A530048A70B /* RestKit.xcodeproj */;
			proxyType = 2;
			remoteGlobalIDString = 25160D1614564E810060A5C5;
			remoteInfo = RestKit;
		};
		3CF24A5A150C8A540048A70B /* PBXContainerItemProxy */ = {
			isa = PBXContainerItemProxy;
			containerPortal = 3CF24A4E150C8A530048A70B /* RestKit.xcodeproj */;
			proxyType = 2;
			remoteGlobalIDString = 25160D2614564E820060A5C5;
			remoteInfo = RestKitTests;
		};
		3CF24A5C150C8A540048A70B /* PBXContainerItemProxy */ = {
			isa = PBXContainerItemProxy;
			containerPortal = 3CF24A4E150C8A530048A70B /* RestKit.xcodeproj */;
			proxyType = 2;
			remoteGlobalIDString = 25160E62145651060060A5C5;
			remoteInfo = RestKitFramework;
		};
		3CF24A5E150C8A540048A70B /* PBXContainerItemProxy */ = {
			isa = PBXContainerItemProxy;
			containerPortal = 3CF24A4E150C8A530048A70B /* RestKit.xcodeproj */;
			proxyType = 2;
			remoteGlobalIDString = 25160E78145651060060A5C5;
			remoteInfo = RestKitFrameworkTests;
		};
		3CF24A60150C8AA10048A70B /* PBXContainerItemProxy */ = {
			isa = PBXContainerItemProxy;
			containerPortal = 3CF24A4E150C8A530048A70B /* RestKit.xcodeproj */;
			proxyType = 1;
			remoteGlobalIDString = 25160D1514564E810060A5C5;
			remoteInfo = RestKit;
		};
		3CF24A95150D8A860048A70B /* PBXContainerItemProxy */ = {
			isa = PBXContainerItemProxy;
			containerPortal = 3CF24A8E150D8A860048A70B /* SDWebImage.xcodeproj */;
			proxyType = 2;
			remoteGlobalIDString = 53922D6F148C55820056699D;
			remoteInfo = SDWebImage;
		};
		3CF24A9A150D8CFB0048A70B /* PBXContainerItemProxy */ = {
			isa = PBXContainerItemProxy;
			containerPortal = 3CF24A8E150D8A860048A70B /* SDWebImage.xcodeproj */;
			proxyType = 1;
			remoteGlobalIDString = 53922D6E148C55810056699D;
			remoteInfo = SDWebImage;
		};
/* End PBXContainerItemProxy section */

/* Begin PBXFileReference section */
		3C0FC87E15114B2700A30E66 /* HomeViewController.h */ = {isa = PBXFileReference; fileEncoding = 4; lastKnownFileType = sourcecode.c.h; path = HomeViewController.h; sourceTree = "<group>"; };
		3C0FC87F15114B2700A30E66 /* HomeViewController.m */ = {isa = PBXFileReference; fileEncoding = 4; lastKnownFileType = sourcecode.c.objc; path = HomeViewController.m; sourceTree = "<group>"; };
		3C0FC88115114BF800A30E66 /* AuthViewController.h */ = {isa = PBXFileReference; fileEncoding = 4; lastKnownFileType = sourcecode.c.h; path = AuthViewController.h; sourceTree = "<group>"; };
		3C0FC88215114BF800A30E66 /* AuthViewController.m */ = {isa = PBXFileReference; fileEncoding = 4; lastKnownFileType = sourcecode.c.objc; path = AuthViewController.m; sourceTree = "<group>"; };
		3C12D3C4150C45F9000915A5 /* SimpleMoney.app */ = {isa = PBXFileReference; explicitFileType = wrapper.application; includeInIndex = 0; path = SimpleMoney.app; sourceTree = BUILT_PRODUCTS_DIR; };
		3C12D3C8150C45F9000915A5 /* UIKit.framework */ = {isa = PBXFileReference; lastKnownFileType = wrapper.framework; name = UIKit.framework; path = System/Library/Frameworks/UIKit.framework; sourceTree = SDKROOT; };
		3C12D3CA150C45F9000915A5 /* Foundation.framework */ = {isa = PBXFileReference; lastKnownFileType = wrapper.framework; name = Foundation.framework; path = System/Library/Frameworks/Foundation.framework; sourceTree = SDKROOT; };
		3C12D3CC150C45F9000915A5 /* CoreGraphics.framework */ = {isa = PBXFileReference; lastKnownFileType = wrapper.framework; name = CoreGraphics.framework; path = System/Library/Frameworks/CoreGraphics.framework; sourceTree = SDKROOT; };
		3C12D3D0150C45F9000915A5 /* SimpleMoney-Info.plist */ = {isa = PBXFileReference; lastKnownFileType = text.plist.xml; path = "SimpleMoney-Info.plist"; sourceTree = "<group>"; };
		3C12D3D2150C45F9000915A5 /* en */ = {isa = PBXFileReference; lastKnownFileType = text.plist.strings; name = en; path = en.lproj/InfoPlist.strings; sourceTree = "<group>"; };
		3C12D3D4150C45F9000915A5 /* main.m */ = {isa = PBXFileReference; lastKnownFileType = sourcecode.c.objc; path = main.m; sourceTree = "<group>"; };
		3C12D3D6150C45F9000915A5 /* SimpleMoney-Prefix.pch */ = {isa = PBXFileReference; lastKnownFileType = sourcecode.c.h; path = "SimpleMoney-Prefix.pch"; sourceTree = "<group>"; };
		3C12D3D7150C45F9000915A5 /* AppDelegate.h */ = {isa = PBXFileReference; lastKnownFileType = sourcecode.c.h; path = AppDelegate.h; sourceTree = "<group>"; };
		3C12D3D8150C45F9000915A5 /* AppDelegate.m */ = {isa = PBXFileReference; lastKnownFileType = sourcecode.c.objc; path = AppDelegate.m; sourceTree = "<group>"; };
		3C12D3DB150C45F9000915A5 /* en */ = {isa = PBXFileReference; lastKnownFileType = file.storyboard; name = en; path = en.lproj/MainStoryboard_iPhone.storyboard; sourceTree = "<group>"; };
		3C12D3E8150C45F9000915A5 /* SimpleMoneyTests.octest */ = {isa = PBXFileReference; explicitFileType = wrapper.cfbundle; includeInIndex = 0; path = SimpleMoneyTests.octest; sourceTree = BUILT_PRODUCTS_DIR; };
		3C12D3E9150C45F9000915A5 /* SenTestingKit.framework */ = {isa = PBXFileReference; lastKnownFileType = wrapper.framework; name = SenTestingKit.framework; path = Library/Frameworks/SenTestingKit.framework; sourceTree = DEVELOPER_DIR; };
		3C12D3F1150C45F9000915A5 /* SimpleMoneyTests-Info.plist */ = {isa = PBXFileReference; lastKnownFileType = text.plist.xml; path = "SimpleMoneyTests-Info.plist"; sourceTree = "<group>"; };
		3C12D3F3150C45F9000915A5 /* en */ = {isa = PBXFileReference; lastKnownFileType = text.plist.strings; name = en; path = en.lproj/InfoPlist.strings; sourceTree = "<group>"; };
		3C12D3F5150C45F9000915A5 /* SimpleMoneyTests.h */ = {isa = PBXFileReference; lastKnownFileType = sourcecode.c.h; path = SimpleMoneyTests.h; sourceTree = "<group>"; };
		3C12D3F6150C45F9000915A5 /* SimpleMoneyTests.m */ = {isa = PBXFileReference; lastKnownFileType = sourcecode.c.objc; path = SimpleMoneyTests.m; sourceTree = "<group>"; };
		3C12D409150C4CF5000915A5 /* SignInViewController.h */ = {isa = PBXFileReference; fileEncoding = 4; lastKnownFileType = sourcecode.c.h; path = SignInViewController.h; sourceTree = "<group>"; };
		3C12D40A150C4CF5000915A5 /* SignInViewController.m */ = {isa = PBXFileReference; fileEncoding = 4; lastKnownFileType = sourcecode.c.objc; path = SignInViewController.m; sourceTree = "<group>"; };
		3C12D40C150C64BF000915A5 /* landing-bg@2x.png */ = {isa = PBXFileReference; lastKnownFileType = image.png; path = "landing-bg@2x.png"; sourceTree = "<group>"; };
		3C12D40F150C6837000915A5 /* SignUpViewController.h */ = {isa = PBXFileReference; fileEncoding = 4; lastKnownFileType = sourcecode.c.h; path = SignUpViewController.h; sourceTree = "<group>"; };
		3C12D410150C6837000915A5 /* SignUpViewController.m */ = {isa = PBXFileReference; fileEncoding = 4; lastKnownFileType = sourcecode.c.objc; path = SignUpViewController.m; sourceTree = "<group>"; };
		3C235A9B150C6C920036B08B /* CurledViewBase.h */ = {isa = PBXFileReference; fileEncoding = 4; lastKnownFileType = sourcecode.c.h; path = CurledViewBase.h; sourceTree = "<group>"; };
		3C235A9C150C6C920036B08B /* CurledViewBase.m */ = {isa = PBXFileReference; fileEncoding = 4; lastKnownFileType = sourcecode.c.objc; path = CurledViewBase.m; sourceTree = "<group>"; };
		3C235A9D150C6C920036B08B /* UIImageView+Curled.h */ = {isa = PBXFileReference; fileEncoding = 4; lastKnownFileType = sourcecode.c.h; path = "UIImageView+Curled.h"; sourceTree = "<group>"; };
		3C235A9E150C6C920036B08B /* UIImageView+Curled.m */ = {isa = PBXFileReference; fileEncoding = 4; lastKnownFileType = sourcecode.c.objc; path = "UIImageView+Curled.m"; sourceTree = "<group>"; };
		3C235AA3150C712D0036B08B /* QuartzCore.framework */ = {isa = PBXFileReference; lastKnownFileType = wrapper.framework; name = QuartzCore.framework; path = System/Library/Frameworks/QuartzCore.framework; sourceTree = SDKROOT; };
		3C5F9C82151138C300201B20 /* InitialViewController.h */ = {isa = PBXFileReference; fileEncoding = 4; lastKnownFileType = sourcecode.c.h; path = InitialViewController.h; sourceTree = "<group>"; };
		3C5F9C83151138C300201B20 /* InitialViewController.m */ = {isa = PBXFileReference; fileEncoding = 4; lastKnownFileType = sourcecode.c.objc; path = InitialViewController.m; sourceTree = "<group>"; };
		3C5F9C861511401F00201B20 /* KeychainWrapper.h */ = {isa = PBXFileReference; fileEncoding = 4; lastKnownFileType = sourcecode.c.h; path = KeychainWrapper.h; sourceTree = "<group>"; };
		3C5F9C871511401F00201B20 /* KeychainWrapper.m */ = {isa = PBXFileReference; fileEncoding = 4; lastKnownFileType = sourcecode.c.objc; path = KeychainWrapper.m; sourceTree = "<group>"; };
		3C7CB19B150D99DB0056E1FD /* UIImage+ScaledImage.h */ = {isa = PBXFileReference; fileEncoding = 4; lastKnownFileType = sourcecode.c.h; path = "UIImage+ScaledImage.h"; sourceTree = "<group>"; };
		3C7CB19C150D99DB0056E1FD /* UIImage+ScaledImage.m */ = {isa = PBXFileReference; fileEncoding = 4; lastKnownFileType = sourcecode.c.objc; path = "UIImage+ScaledImage.m"; sourceTree = "<group>"; };
		3C7CB19F150DBFF20056E1FD /* User.h */ = {isa = PBXFileReference; fileEncoding = 4; lastKnownFileType = sourcecode.c.h; path = User.h; sourceTree = "<group>"; };
		3C7CB1A0150DBFF20056E1FD /* User.m */ = {isa = PBXFileReference; fileEncoding = 4; lastKnownFileType = sourcecode.c.objc; path = User.m; sourceTree = "<group>"; };
		3C7CB1A9150DCC1F0056E1FD /* MBProgressHUD.h */ = {isa = PBXFileReference; fileEncoding = 4; lastKnownFileType = sourcecode.c.h; path = MBProgressHUD.h; sourceTree = "<group>"; };
		3C7CB1AA150DCC1F0056E1FD /* MBProgressHUD.m */ = {isa = PBXFileReference; fileEncoding = 4; lastKnownFileType = sourcecode.c.objc; path = MBProgressHUD.m; sourceTree = "<group>"; };
		3C7CB1B3150DD4890056E1FD /* checkmark.png */ = {isa = PBXFileReference; lastKnownFileType = image.png; path = checkmark.png; sourceTree = "<group>"; };
		3C7CB1B5150DD6500056E1FD /* checkmark@2x.png */ = {isa = PBXFileReference; lastKnownFileType = image.png; path = "checkmark@2x.png"; sourceTree = "<group>"; };
		3C88E17E1513EBDD002D5C7C /* AddressBook.framework */ = {isa = PBXFileReference; lastKnownFileType = wrapper.framework; name = AddressBook.framework; path = System/Library/Frameworks/AddressBook.framework; sourceTree = SDKROOT; };
		3C88E17F1513EBDD002D5C7C /* AddressBookUI.framework */ = {isa = PBXFileReference; lastKnownFileType = wrapper.framework; name = AddressBookUI.framework; path = System/Library/Frameworks/AddressBookUI.framework; sourceTree = SDKROOT; };
		3CE836811511637A00A72EAE /* MapKit.framework */ = {isa = PBXFileReference; lastKnownFileType = wrapper.framework; name = MapKit.framework; path = System/Library/Frameworks/MapKit.framework; sourceTree = SDKROOT; };
		3CF24A46150C80FC0048A70B /* UIButton+Curled.h */ = {isa = PBXFileReference; fileEncoding = 4; lastKnownFileType = sourcecode.c.h; path = "UIButton+Curled.h"; sourceTree = "<group>"; };
		3CF24A47150C80FC0048A70B /* UIButton+Curled.m */ = {isa = PBXFileReference; fileEncoding = 4; lastKnownFileType = sourcecode.c.objc; path = "UIButton+Curled.m"; sourceTree = "<group>"; };
		3CF24A4E150C8A530048A70B /* RestKit.xcodeproj */ = {isa = PBXFileReference; lastKnownFileType = "wrapper.pb-project"; name = RestKit.xcodeproj; path = RestKit/RestKit.xcodeproj; sourceTree = "<group>"; };
		3CF24A62150C8AB30048A70B /* CFNetwork.framework */ = {isa = PBXFileReference; lastKnownFileType = wrapper.framework; name = CFNetwork.framework; path = System/Library/Frameworks/CFNetwork.framework; sourceTree = SDKROOT; };
		3CF24A64150C8AB90048A70B /* CoreData.framework */ = {isa = PBXFileReference; lastKnownFileType = wrapper.framework; name = CoreData.framework; path = System/Library/Frameworks/CoreData.framework; sourceTree = SDKROOT; };
		3CF24A66150C8ABE0048A70B /* Security.framework */ = {isa = PBXFileReference; lastKnownFileType = wrapper.framework; name = Security.framework; path = System/Library/Frameworks/Security.framework; sourceTree = SDKROOT; };
		3CF24A68150C8AC50048A70B /* MobileCoreServices.framework */ = {isa = PBXFileReference; lastKnownFileType = wrapper.framework; name = MobileCoreServices.framework; path = System/Library/Frameworks/MobileCoreServices.framework; sourceTree = SDKROOT; };
		3CF24A6A150C8ACB0048A70B /* SystemConfiguration.framework */ = {isa = PBXFileReference; lastKnownFileType = wrapper.framework; name = SystemConfiguration.framework; path = System/Library/Frameworks/SystemConfiguration.framework; sourceTree = SDKROOT; };
		3CF24A6C150C8AD40048A70B /* libxml2.dylib */ = {isa = PBXFileReference; lastKnownFileType = "compiled.mach-o.dylib"; name = libxml2.dylib; path = usr/lib/libxml2.dylib; sourceTree = SDKROOT; };
		3CF24A71150C9EED0048A70B /* SimpleMoney.xcdatamodel */ = {isa = PBXFileReference; lastKnownFileType = wrapper.xcdatamodel; path = SimpleMoney.xcdatamodel; sourceTree = "<group>"; };
		3CF24A76150C9FA80048A70B /* Transaction.h */ = {isa = PBXFileReference; fileEncoding = 4; lastKnownFileType = sourcecode.c.h; path = Transaction.h; sourceTree = "<group>"; };
		3CF24A77150C9FA80048A70B /* Transaction.m */ = {isa = PBXFileReference; fileEncoding = 4; lastKnownFileType = sourcecode.c.objc; path = Transaction.m; sourceTree = "<group>"; };
		3CF24A81150CB09D0048A70B /* profile.png */ = {isa = PBXFileReference; lastKnownFileType = image.png; path = profile.png; sourceTree = "<group>"; };
		3CF24A82150CB09D0048A70B /* profile@2x.png */ = {isa = PBXFileReference; lastKnownFileType = image.png; path = "profile@2x.png"; sourceTree = "<group>"; };
		3CF24A85150CB25D0048A70B /* landing-bg.png */ = {isa = PBXFileReference; lastKnownFileType = image.png; path = "landing-bg.png"; sourceTree = "<group>"; };
		3CF24A87150D6BA70048A70B /* photobutton.png */ = {isa = PBXFileReference; lastKnownFileType = image.png; path = photobutton.png; sourceTree = "<group>"; };
		3CF24A88150D6BA70048A70B /* photobutton@2x.png */ = {isa = PBXFileReference; lastKnownFileType = image.png; path = "photobutton@2x.png"; sourceTree = "<group>"; };
		3CF24A8E150D8A860048A70B /* SDWebImage.xcodeproj */ = {isa = PBXFileReference; lastKnownFileType = "wrapper.pb-project"; name = SDWebImage.xcodeproj; path = SDWebImage/SDWebImage.xcodeproj; sourceTree = "<group>"; };
/* End PBXFileReference section */

/* Begin PBXFrameworksBuildPhase section */
		3C12D3C1150C45F9000915A5 /* Frameworks */ = {
			isa = PBXFrameworksBuildPhase;
			buildActionMask = 2147483647;
			files = (
				3C88E1801513EBDE002D5C7C /* AddressBook.framework in Frameworks */,
				3C88E1811513EBDE002D5C7C /* AddressBookUI.framework in Frameworks */,
				3CE836821511637A00A72EAE /* MapKit.framework in Frameworks */,
				3CF24A97150D8AA80048A70B /* libSDWebImage.a in Frameworks */,
				3CF24A6E150C8ADE0048A70B /* libRestKit.a in Frameworks */,
				3CF24A6D150C8AD40048A70B /* libxml2.dylib in Frameworks */,
				3CF24A6B150C8ACB0048A70B /* SystemConfiguration.framework in Frameworks */,
				3CF24A69150C8AC50048A70B /* MobileCoreServices.framework in Frameworks */,
				3CF24A67150C8ABE0048A70B /* Security.framework in Frameworks */,
				3CF24A65150C8AB90048A70B /* CoreData.framework in Frameworks */,
				3CF24A63150C8AB30048A70B /* CFNetwork.framework in Frameworks */,
				3C12D3C9150C45F9000915A5 /* UIKit.framework in Frameworks */,
				3C12D3CB150C45F9000915A5 /* Foundation.framework in Frameworks */,
				3C12D3CD150C45F9000915A5 /* CoreGraphics.framework in Frameworks */,
				3C235AA4150C712D0036B08B /* QuartzCore.framework in Frameworks */,
			);
			runOnlyForDeploymentPostprocessing = 0;
		};
		3C12D3E4150C45F9000915A5 /* Frameworks */ = {
			isa = PBXFrameworksBuildPhase;
			buildActionMask = 2147483647;
			files = (
				3C12D3EA150C45F9000915A5 /* SenTestingKit.framework in Frameworks */,
				3C12D3EB150C45F9000915A5 /* UIKit.framework in Frameworks */,
				3C12D3EC150C45F9000915A5 /* Foundation.framework in Frameworks */,
			);
			runOnlyForDeploymentPostprocessing = 0;
		};
/* End PBXFrameworksBuildPhase section */

/* Begin PBXGroup section */
		3C12D3B9150C45F9000915A5 = {
			isa = PBXGroup;
			children = (
				3C12D3CE150C45F9000915A5 /* SimpleMoney */,
				3C12D3EF150C45F9000915A5 /* SimpleMoneyTests */,
				3C12D3C7150C45F9000915A5 /* Frameworks */,
				3C12D3C5150C45F9000915A5 /* Products */,
			);
			sourceTree = "<group>";
		};
		3C12D3C5150C45F9000915A5 /* Products */ = {
			isa = PBXGroup;
			children = (
				3C12D3C4150C45F9000915A5 /* SimpleMoney.app */,
				3C12D3E8150C45F9000915A5 /* SimpleMoneyTests.octest */,
			);
			name = Products;
			sourceTree = "<group>";
		};
		3C12D3C7150C45F9000915A5 /* Frameworks */ = {
			isa = PBXGroup;
			children = (
				3C88E17E1513EBDD002D5C7C /* AddressBook.framework */,
				3C88E17F1513EBDD002D5C7C /* AddressBookUI.framework */,
				3CF24A8E150D8A860048A70B /* SDWebImage.xcodeproj */,
				3CF24A4E150C8A530048A70B /* RestKit.xcodeproj */,
				3CE836811511637A00A72EAE /* MapKit.framework */,
				3CF24A6C150C8AD40048A70B /* libxml2.dylib */,
				3CF24A6A150C8ACB0048A70B /* SystemConfiguration.framework */,
				3CF24A68150C8AC50048A70B /* MobileCoreServices.framework */,
				3CF24A66150C8ABE0048A70B /* Security.framework */,
				3CF24A64150C8AB90048A70B /* CoreData.framework */,
				3CF24A62150C8AB30048A70B /* CFNetwork.framework */,
				3C235AA3150C712D0036B08B /* QuartzCore.framework */,
				3C12D3C8150C45F9000915A5 /* UIKit.framework */,
				3C12D3CA150C45F9000915A5 /* Foundation.framework */,
				3C12D3CC150C45F9000915A5 /* CoreGraphics.framework */,
				3C12D3E9150C45F9000915A5 /* SenTestingKit.framework */,
			);
			name = Frameworks;
			sourceTree = "<group>";
		};
		3C12D3CE150C45F9000915A5 /* SimpleMoney */ = {
			isa = PBXGroup;
			children = (
				3C12D3DA150C45F9000915A5 /* MainStoryboard_iPhone.storyboard */,
				3C12D3D7150C45F9000915A5 /* AppDelegate.h */,
				3C12D3D8150C45F9000915A5 /* AppDelegate.m */,
				3C5F9C82151138C300201B20 /* InitialViewController.h */,
				3C5F9C83151138C300201B20 /* InitialViewController.m */,
				3C0FC88115114BF800A30E66 /* AuthViewController.h */,
				3C0FC88215114BF800A30E66 /* AuthViewController.m */,
				3C0FC87E15114B2700A30E66 /* HomeViewController.h */,
				3C0FC87F15114B2700A30E66 /* HomeViewController.m */,
				3C12D40F150C6837000915A5 /* SignUpViewController.h */,
				3C12D410150C6837000915A5 /* SignUpViewController.m */,
				3C12D409150C4CF5000915A5 /* SignInViewController.h */,
				3C12D40A150C4CF5000915A5 /* SignInViewController.m */,
				3CF24A6F150C9ED00048A70B /* Models */,
				3C12D40E150C64C6000915A5 /* Assets */,
				3C235A99150C6C760036B08B /* Utilities */,
				3C12D3CF150C45F9000915A5 /* Supporting Files */,
			);
			path = SimpleMoney;
			sourceTree = "<group>";
		};
		3C12D3CF150C45F9000915A5 /* Supporting Files */ = {
			isa = PBXGroup;
			children = (
				3C12D3D0150C45F9000915A5 /* SimpleMoney-Info.plist */,
				3C12D3D1150C45F9000915A5 /* InfoPlist.strings */,
				3C12D3D4150C45F9000915A5 /* main.m */,
				3C12D3D6150C45F9000915A5 /* SimpleMoney-Prefix.pch */,
			);
			name = "Supporting Files";
			sourceTree = "<group>";
		};
		3C12D3EF150C45F9000915A5 /* SimpleMoneyTests */ = {
			isa = PBXGroup;
			children = (
				3C12D3F5150C45F9000915A5 /* SimpleMoneyTests.h */,
				3C12D3F6150C45F9000915A5 /* SimpleMoneyTests.m */,
				3C12D3F0150C45F9000915A5 /* Supporting Files */,
			);
			path = SimpleMoneyTests;
			sourceTree = "<group>";
		};
		3C12D3F0150C45F9000915A5 /* Supporting Files */ = {
			isa = PBXGroup;
			children = (
				3C12D3F1150C45F9000915A5 /* SimpleMoneyTests-Info.plist */,
				3C12D3F2150C45F9000915A5 /* InfoPlist.strings */,
			);
			name = "Supporting Files";
			sourceTree = "<group>";
		};
		3C12D40E150C64C6000915A5 /* Assets */ = {
			isa = PBXGroup;
			children = (
				3CF24A87150D6BA70048A70B /* photobutton.png */,
				3CF24A88150D6BA70048A70B /* photobutton@2x.png */,
				3CF24A81150CB09D0048A70B /* profile.png */,
				3CF24A82150CB09D0048A70B /* profile@2x.png */,
				3C7CB1B3150DD4890056E1FD /* checkmark.png */,
				3C7CB1B5150DD6500056E1FD /* checkmark@2x.png */,
				3CF24A85150CB25D0048A70B /* landing-bg.png */,
				3C12D40C150C64BF000915A5 /* landing-bg@2x.png */,
			);
			name = Assets;
			sourceTree = "<group>";
		};
		3C235A99150C6C760036B08B /* Utilities */ = {
			isa = PBXGroup;
			children = (
				3C5F9C8515113FFC00201B20 /* KeychainWrapper */,
				3C7CB1A8150DCBFF0056E1FD /* MBProgressHUD */,
				3C7CB19E150D9C6B0056E1FD /* ScaledImage */,
				3CF24A98150D8C350048A70B /* CurledImageView */,
			);
			name = Utilities;
			sourceTree = "<group>";
		};
		3C5F9C8515113FFC00201B20 /* KeychainWrapper */ = {
			isa = PBXGroup;
			children = (
				3C5F9C861511401F00201B20 /* KeychainWrapper.h */,
				3C5F9C871511401F00201B20 /* KeychainWrapper.m */,
			);
			name = KeychainWrapper;
			sourceTree = "<group>";
		};
		3C7CB19E150D9C6B0056E1FD /* ScaledImage */ = {
			isa = PBXGroup;
			children = (
				3C7CB19B150D99DB0056E1FD /* UIImage+ScaledImage.h */,
				3C7CB19C150D99DB0056E1FD /* UIImage+ScaledImage.m */,
			);
			name = ScaledImage;
			sourceTree = "<group>";
		};
		3C7CB1A8150DCBFF0056E1FD /* MBProgressHUD */ = {
			isa = PBXGroup;
			children = (
				3C7CB1A9150DCC1F0056E1FD /* MBProgressHUD.h */,
				3C7CB1AA150DCC1F0056E1FD /* MBProgressHUD.m */,
			);
			name = MBProgressHUD;
			sourceTree = "<group>";
		};
		3CF24A4F150C8A530048A70B /* Products */ = {
			isa = PBXGroup;
			children = (
				3CF24A59150C8A540048A70B /* libRestKit.a */,
				3CF24A5B150C8A540048A70B /* RestKitTests.octest */,
				3CF24A5D150C8A540048A70B /* RestKit.framework */,
				3CF24A5F150C8A540048A70B /* RestKitFrameworkTests.octest */,
			);
			name = Products;
			sourceTree = "<group>";
		};
		3CF24A6F150C9ED00048A70B /* Models */ = {
			isa = PBXGroup;
			children = (
				3CF24A70150C9EED0048A70B /* SimpleMoney.xcdatamodeld */,
				3C7CB19F150DBFF20056E1FD /* User.h */,
				3C7CB1A0150DBFF20056E1FD /* User.m */,
				3CF24A76150C9FA80048A70B /* Transaction.h */,
				3CF24A77150C9FA80048A70B /* Transaction.m */,
			);
			name = Models;
			sourceTree = "<group>";
		};
		3CF24A8F150D8A860048A70B /* Products */ = {
			isa = PBXGroup;
			children = (
				3CF24A96150D8A860048A70B /* libSDWebImage.a */,
			);
			name = Products;
			sourceTree = "<group>";
		};
		3CF24A98150D8C350048A70B /* CurledImageView */ = {
			isa = PBXGroup;
			children = (
				3C235A9B150C6C920036B08B /* CurledViewBase.h */,
				3C235A9C150C6C920036B08B /* CurledViewBase.m */,
				3CF24A46150C80FC0048A70B /* UIButton+Curled.h */,
				3CF24A47150C80FC0048A70B /* UIButton+Curled.m */,
				3C235A9D150C6C920036B08B /* UIImageView+Curled.h */,
				3C235A9E150C6C920036B08B /* UIImageView+Curled.m */,
			);
			name = CurledImageView;
			sourceTree = "<group>";
		};
/* End PBXGroup section */

/* Begin PBXNativeTarget section */
		3C12D3C3150C45F9000915A5 /* SimpleMoney */ = {
			isa = PBXNativeTarget;
			buildConfigurationList = 3C12D3FA150C45F9000915A5 /* Build configuration list for PBXNativeTarget "SimpleMoney" */;
			buildPhases = (
				3C12D3C0150C45F9000915A5 /* Sources */,
				3C12D3C1150C45F9000915A5 /* Frameworks */,
				3C12D3C2150C45F9000915A5 /* Resources */,
			);
			buildRules = (
			);
			dependencies = (
				3CF24A9B150D8CFB0048A70B /* PBXTargetDependency */,
				3CF24A61150C8AA10048A70B /* PBXTargetDependency */,
			);
			name = SimpleMoney;
			productName = SimpleMoney;
			productReference = 3C12D3C4150C45F9000915A5 /* SimpleMoney.app */;
			productType = "com.apple.product-type.application";
		};
		3C12D3E7150C45F9000915A5 /* SimpleMoneyTests */ = {
			isa = PBXNativeTarget;
			buildConfigurationList = 3C12D3FD150C45F9000915A5 /* Build configuration list for PBXNativeTarget "SimpleMoneyTests" */;
			buildPhases = (
				3C12D3E3150C45F9000915A5 /* Sources */,
				3C12D3E4150C45F9000915A5 /* Frameworks */,
				3C12D3E5150C45F9000915A5 /* Resources */,
				3C12D3E6150C45F9000915A5 /* ShellScript */,
			);
			buildRules = (
			);
			dependencies = (
				3C12D3EE150C45F9000915A5 /* PBXTargetDependency */,
			);
			name = SimpleMoneyTests;
			productName = SimpleMoneyTests;
			productReference = 3C12D3E8150C45F9000915A5 /* SimpleMoneyTests.octest */;
			productType = "com.apple.product-type.bundle";
		};
/* End PBXNativeTarget section */

/* Begin PBXProject section */
		3C12D3BB150C45F9000915A5 /* Project object */ = {
			isa = PBXProject;
			attributes = {
				LastUpgradeCheck = 0440;
			};
			buildConfigurationList = 3C12D3BE150C45F9000915A5 /* Build configuration list for PBXProject "SimpleMoney" */;
			compatibilityVersion = "Xcode 3.2";
			developmentRegion = English;
			hasScannedForEncodings = 0;
			knownRegions = (
				en,
			);
			mainGroup = 3C12D3B9150C45F9000915A5;
			productRefGroup = 3C12D3C5150C45F9000915A5 /* Products */;
			projectDirPath = "";
			projectReferences = (
				{
					ProductGroup = 3CF24A4F150C8A530048A70B /* Products */;
					ProjectRef = 3CF24A4E150C8A530048A70B /* RestKit.xcodeproj */;
				},
				{
					ProductGroup = 3CF24A8F150D8A860048A70B /* Products */;
					ProjectRef = 3CF24A8E150D8A860048A70B /* SDWebImage.xcodeproj */;
				},
			);
			projectRoot = "";
			targets = (
				3C12D3C3150C45F9000915A5 /* SimpleMoney */,
				3C12D3E7150C45F9000915A5 /* SimpleMoneyTests */,
			);
		};
/* End PBXProject section */

/* Begin PBXReferenceProxy section */
		3CF24A59150C8A540048A70B /* libRestKit.a */ = {
			isa = PBXReferenceProxy;
			fileType = archive.ar;
			path = libRestKit.a;
			remoteRef = 3CF24A58150C8A540048A70B /* PBXContainerItemProxy */;
			sourceTree = BUILT_PRODUCTS_DIR;
		};
		3CF24A5B150C8A540048A70B /* RestKitTests.octest */ = {
			isa = PBXReferenceProxy;
			fileType = wrapper.cfbundle;
			path = RestKitTests.octest;
			remoteRef = 3CF24A5A150C8A540048A70B /* PBXContainerItemProxy */;
			sourceTree = BUILT_PRODUCTS_DIR;
		};
		3CF24A5D150C8A540048A70B /* RestKit.framework */ = {
			isa = PBXReferenceProxy;
			fileType = wrapper.framework;
			path = RestKit.framework;
			remoteRef = 3CF24A5C150C8A540048A70B /* PBXContainerItemProxy */;
			sourceTree = BUILT_PRODUCTS_DIR;
		};
		3CF24A5F150C8A540048A70B /* RestKitFrameworkTests.octest */ = {
			isa = PBXReferenceProxy;
			fileType = wrapper.cfbundle;
			path = RestKitFrameworkTests.octest;
			remoteRef = 3CF24A5E150C8A540048A70B /* PBXContainerItemProxy */;
			sourceTree = BUILT_PRODUCTS_DIR;
		};
		3CF24A96150D8A860048A70B /* libSDWebImage.a */ = {
			isa = PBXReferenceProxy;
			fileType = archive.ar;
			path = libSDWebImage.a;
			remoteRef = 3CF24A95150D8A860048A70B /* PBXContainerItemProxy */;
			sourceTree = BUILT_PRODUCTS_DIR;
		};
/* End PBXReferenceProxy section */

/* Begin PBXResourcesBuildPhase section */
		3C12D3C2150C45F9000915A5 /* Resources */ = {
			isa = PBXResourcesBuildPhase;
			buildActionMask = 2147483647;
			files = (
				3C12D3D3150C45F9000915A5 /* InfoPlist.strings in Resources */,
				3C12D3DC150C45F9000915A5 /* MainStoryboard_iPhone.storyboard in Resources */,
				3C12D40D150C64BF000915A5 /* landing-bg@2x.png in Resources */,
				3CF24A83150CB09D0048A70B /* profile.png in Resources */,
				3CF24A84150CB09D0048A70B /* profile@2x.png in Resources */,
				3CF24A86150CB25D0048A70B /* landing-bg.png in Resources */,
				3CF24A89150D6BA70048A70B /* photobutton.png in Resources */,
				3CF24A8A150D6BA70048A70B /* photobutton@2x.png in Resources */,
				3C7CB1B4150DD4890056E1FD /* checkmark.png in Resources */,
				3C7CB1B6150DD6500056E1FD /* checkmark@2x.png in Resources */,
			);
			runOnlyForDeploymentPostprocessing = 0;
		};
		3C12D3E5150C45F9000915A5 /* Resources */ = {
			isa = PBXResourcesBuildPhase;
			buildActionMask = 2147483647;
			files = (
				3C12D3F4150C45F9000915A5 /* InfoPlist.strings in Resources */,
			);
			runOnlyForDeploymentPostprocessing = 0;
		};
/* End PBXResourcesBuildPhase section */

/* Begin PBXShellScriptBuildPhase section */
		3C12D3E6150C45F9000915A5 /* ShellScript */ = {
			isa = PBXShellScriptBuildPhase;
			buildActionMask = 2147483647;
			files = (
			);
			inputPaths = (
			);
			outputPaths = (
			);
			runOnlyForDeploymentPostprocessing = 0;
			shellPath = /bin/sh;
			shellScript = "# Run the unit tests in this test bundle.\n\"${SYSTEM_DEVELOPER_DIR}/Tools/RunUnitTests\"\n";
		};
/* End PBXShellScriptBuildPhase section */

/* Begin PBXSourcesBuildPhase section */
		3C12D3C0150C45F9000915A5 /* Sources */ = {
			isa = PBXSourcesBuildPhase;
			buildActionMask = 2147483647;
			files = (
				3C12D3D5150C45F9000915A5 /* main.m in Sources */,
				3C12D3D9150C45F9000915A5 /* AppDelegate.m in Sources */,
				3C12D40B150C4CF5000915A5 /* SignInViewController.m in Sources */,
				3C12D411150C6837000915A5 /* SignUpViewController.m in Sources */,
				3CF24A3F150C74C40048A70B /* CurledViewBase.m in Sources */,
				3CF24A49150C810B0048A70B /* UIButton+Curled.m in Sources */,
				3CF24A40150C74C40048A70B /* UIImageView+Curled.m in Sources */,
				3CF24A72150C9EED0048A70B /* SimpleMoney.xcdatamodeld in Sources */,
				3CF24A78150C9FA80048A70B /* Transaction.m in Sources */,
				3C7CB19D150D99DB0056E1FD /* UIImage+ScaledImage.m in Sources */,
				3C7CB1B0150DCE330056E1FD /* MBProgressHUD.m in Sources */,
				3C7CB1A1150DBFF20056E1FD /* User.m in Sources */,
				3C5F9C84151138C300201B20 /* InitialViewController.m in Sources */,
				3C5F9C881511401F00201B20 /* KeychainWrapper.m in Sources */,
				3C0FC88015114B2700A30E66 /* HomeViewController.m in Sources */,
				3C0FC88315114BF800A30E66 /* AuthViewController.m in Sources */,
			);
			runOnlyForDeploymentPostprocessing = 0;
		};
		3C12D3E3150C45F9000915A5 /* Sources */ = {
			isa = PBXSourcesBuildPhase;
			buildActionMask = 2147483647;
			files = (
				3C12D3F7150C45F9000915A5 /* SimpleMoneyTests.m in Sources */,
				3C235A9F150C6C920036B08B /* CurledViewBase.m in Sources */,
				3C235AA0150C6C920036B08B /* UIImageView+Curled.m in Sources */,
				3CF24A48150C80FC0048A70B /* UIButton+Curled.m in Sources */,
				3C7CB1AB150DCC1F0056E1FD /* MBProgressHUD.m in Sources */,
			);
			runOnlyForDeploymentPostprocessing = 0;
		};
/* End PBXSourcesBuildPhase section */

/* Begin PBXTargetDependency section */
		3C12D3EE150C45F9000915A5 /* PBXTargetDependency */ = {
			isa = PBXTargetDependency;
			target = 3C12D3C3150C45F9000915A5 /* SimpleMoney */;
			targetProxy = 3C12D3ED150C45F9000915A5 /* PBXContainerItemProxy */;
		};
		3CF24A61150C8AA10048A70B /* PBXTargetDependency */ = {
			isa = PBXTargetDependency;
			name = RestKit;
			targetProxy = 3CF24A60150C8AA10048A70B /* PBXContainerItemProxy */;
		};
		3CF24A9B150D8CFB0048A70B /* PBXTargetDependency */ = {
			isa = PBXTargetDependency;
			name = SDWebImage;
			targetProxy = 3CF24A9A150D8CFB0048A70B /* PBXContainerItemProxy */;
		};
/* End PBXTargetDependency section */

/* Begin PBXVariantGroup section */
		3C12D3D1150C45F9000915A5 /* InfoPlist.strings */ = {
			isa = PBXVariantGroup;
			children = (
				3C12D3D2150C45F9000915A5 /* en */,
			);
			name = InfoPlist.strings;
			sourceTree = "<group>";
		};
		3C12D3DA150C45F9000915A5 /* MainStoryboard_iPhone.storyboard */ = {
			isa = PBXVariantGroup;
			children = (
				3C12D3DB150C45F9000915A5 /* en */,
			);
			name = MainStoryboard_iPhone.storyboard;
			sourceTree = "<group>";
		};
		3C12D3F2150C45F9000915A5 /* InfoPlist.strings */ = {
			isa = PBXVariantGroup;
			children = (
				3C12D3F3150C45F9000915A5 /* en */,
			);
			name = InfoPlist.strings;
			sourceTree = "<group>";
		};
/* End PBXVariantGroup section */

/* Begin XCBuildConfiguration section */
		3C12D3F8150C45F9000915A5 /* Debug */ = {
			isa = XCBuildConfiguration;
			buildSettings = {
				ALWAYS_SEARCH_USER_PATHS = NO;
				ARCHS = "$(ARCHS_STANDARD_32_BIT)";
				CLANG_ENABLE_OBJC_ARC = YES;
				"CODE_SIGN_IDENTITY[sdk=iphoneos*]" = "iPhone Developer";
				COPY_PHASE_STRIP = NO;
				GCC_C_LANGUAGE_STANDARD = gnu99;
				GCC_DYNAMIC_NO_PIC = NO;
				GCC_OPTIMIZATION_LEVEL = 0;
				GCC_PREPROCESSOR_DEFINITIONS = (
					"DEBUG=1",
					"$(inherited)",
				);
				GCC_SYMBOLS_PRIVATE_EXTERN = NO;
				GCC_VERSION = com.apple.compilers.llvm.clang.1_0;
				GCC_WARN_ABOUT_RETURN_TYPE = YES;
				GCC_WARN_UNINITIALIZED_AUTOS = YES;
				GCC_WARN_UNUSED_VARIABLE = YES;
				IPHONEOS_DEPLOYMENT_TARGET = 5.0;
				SDKROOT = iphoneos;
				TARGETED_DEVICE_FAMILY = "1,2";
			};
			name = Debug;
		};
		3C12D3F9150C45F9000915A5 /* Release */ = {
			isa = XCBuildConfiguration;
			buildSettings = {
				ALWAYS_SEARCH_USER_PATHS = NO;
				ARCHS = "$(ARCHS_STANDARD_32_BIT)";
				CLANG_ENABLE_OBJC_ARC = YES;
				"CODE_SIGN_IDENTITY[sdk=iphoneos*]" = "iPhone Developer";
				COPY_PHASE_STRIP = YES;
				GCC_C_LANGUAGE_STANDARD = gnu99;
				GCC_VERSION = com.apple.compilers.llvm.clang.1_0;
				GCC_WARN_ABOUT_RETURN_TYPE = YES;
				GCC_WARN_UNINITIALIZED_AUTOS = YES;
				GCC_WARN_UNUSED_VARIABLE = YES;
				IPHONEOS_DEPLOYMENT_TARGET = 5.0;
				OTHER_CFLAGS = "-DNS_BLOCK_ASSERTIONS=1";
				SDKROOT = iphoneos;
				TARGETED_DEVICE_FAMILY = "1,2";
				VALIDATE_PRODUCT = YES;
			};
			name = Release;
		};
		3C12D3FB150C45F9000915A5 /* Debug */ = {
			isa = XCBuildConfiguration;
			buildSettings = {
				GCC_PRECOMPILE_PREFIX_HEADER = YES;
				GCC_PREFIX_HEADER = "SimpleMoney/SimpleMoney-Prefix.pch";
				INFOPLIST_FILE = "SimpleMoney/SimpleMoney-Info.plist";
				OTHER_LDFLAGS = (
					"-all_load",
					"-ObjC",
				);
				PRODUCT_NAME = "$(TARGET_NAME)";
				USER_HEADER_SEARCH_PATHS = "$(BUILT_PRODUCTS_DIR)/**";
				WRAPPER_EXTENSION = app;
			};
			name = Debug;
		};
		3C12D3FC150C45F9000915A5 /* Release */ = {
			isa = XCBuildConfiguration;
			buildSettings = {
				GCC_PRECOMPILE_PREFIX_HEADER = YES;
				GCC_PREFIX_HEADER = "SimpleMoney/SimpleMoney-Prefix.pch";
				INFOPLIST_FILE = "SimpleMoney/SimpleMoney-Info.plist";
				OTHER_LDFLAGS = (
					"-all_load",
					"-ObjC",
				);
				PRODUCT_NAME = "$(TARGET_NAME)";
				USER_HEADER_SEARCH_PATHS = "$(BUILT_PRODUCTS_DIR)/**";
				WRAPPER_EXTENSION = app;
			};
			name = Release;
		};
		3C12D3FE150C45F9000915A5 /* Debug */ = {
			isa = XCBuildConfiguration;
			buildSettings = {
				BUNDLE_LOADER = "$(BUILT_PRODUCTS_DIR)/SimpleMoney.app/SimpleMoney";
				FRAMEWORK_SEARCH_PATHS = (
					"$(SDKROOT)/Developer/Library/Frameworks",
					"$(DEVELOPER_LIBRARY_DIR)/Frameworks",
				);
				GCC_PRECOMPILE_PREFIX_HEADER = YES;
				GCC_PREFIX_HEADER = "SimpleMoney/SimpleMoney-Prefix.pch";
				INFOPLIST_FILE = "SimpleMoneyTests/SimpleMoneyTests-Info.plist";
				PRODUCT_NAME = "$(TARGET_NAME)";
				TEST_HOST = "$(BUNDLE_LOADER)";
				WRAPPER_EXTENSION = octest;
			};
			name = Debug;
		};
		3C12D3FF150C45F9000915A5 /* Release */ = {
			isa = XCBuildConfiguration;
			buildSettings = {
				BUNDLE_LOADER = "$(BUILT_PRODUCTS_DIR)/SimpleMoney.app/SimpleMoney";
				FRAMEWORK_SEARCH_PATHS = (
					"$(SDKROOT)/Developer/Library/Frameworks",
					"$(DEVELOPER_LIBRARY_DIR)/Frameworks",
				);
				GCC_PRECOMPILE_PREFIX_HEADER = YES;
				GCC_PREFIX_HEADER = "SimpleMoney/SimpleMoney-Prefix.pch";
				INFOPLIST_FILE = "SimpleMoneyTests/SimpleMoneyTests-Info.plist";
				PRODUCT_NAME = "$(TARGET_NAME)";
				TEST_HOST = "$(BUNDLE_LOADER)";
				WRAPPER_EXTENSION = octest;
			};
			name = Release;
		};
/* End XCBuildConfiguration section */

/* Begin XCConfigurationList section */
		3C12D3BE150C45F9000915A5 /* Build configuration list for PBXProject "SimpleMoney" */ = {
			isa = XCConfigurationList;
			buildConfigurations = (
				3C12D3F8150C45F9000915A5 /* Debug */,
				3C12D3F9150C45F9000915A5 /* Release */,
			);
			defaultConfigurationIsVisible = 0;
			defaultConfigurationName = Release;
		};
		3C12D3FA150C45F9000915A5 /* Build configuration list for PBXNativeTarget "SimpleMoney" */ = {
			isa = XCConfigurationList;
			buildConfigurations = (
				3C12D3FB150C45F9000915A5 /* Debug */,
				3C12D3FC150C45F9000915A5 /* Release */,
			);
			defaultConfigurationIsVisible = 0;
			defaultConfigurationName = Release;
		};
		3C12D3FD150C45F9000915A5 /* Build configuration list for PBXNativeTarget "SimpleMoneyTests" */ = {
			isa = XCConfigurationList;
			buildConfigurations = (
				3C12D3FE150C45F9000915A5 /* Debug */,
				3C12D3FF150C45F9000915A5 /* Release */,
			);
			defaultConfigurationIsVisible = 0;
			defaultConfigurationName = Release;
		};
/* End XCConfigurationList section */

/* Begin XCVersionGroup section */
		3CF24A70150C9EED0048A70B /* SimpleMoney.xcdatamodeld */ = {
			isa = XCVersionGroup;
			children = (
				3CF24A71150C9EED0048A70B /* SimpleMoney.xcdatamodel */,
			);
			currentVersion = 3CF24A71150C9EED0048A70B /* SimpleMoney.xcdatamodel */;
			path = SimpleMoney.xcdatamodeld;
			sourceTree = "<group>";
			versionGroupType = wrapper.xcdatamodel;
		};
/* End XCVersionGroup section */
	};
	rootObject = 3C12D3BB150C45F9000915A5 /* Project object */;
}
