// !$*UTF8*$!
{
	archiveVersion = 1;
	classes = {
	};
	objectVersion = 46;
	objects = {

/* Begin PBXBuildFile section */
		3C0C1331151A4ED800D034B8 /* error@2x.png in Resources */ = {isa = PBXBuildFile; fileRef = 3C0C132F151A4ED800D034B8 /* error@2x.png */; };
		3C0C1332151A4ED800D034B8 /* error.png in Resources */ = {isa = PBXBuildFile; fileRef = 3C0C1330151A4ED800D034B8 /* error.png */; };
		3C0FC88015114B2700A30E66 /* HomeViewController.m in Sources */ = {isa = PBXBuildFile; fileRef = 3C0FC87F15114B2700A30E66 /* HomeViewController.m */; };
		3C0FC88315114BF800A30E66 /* AuthViewController.m in Sources */ = {isa = PBXBuildFile; fileRef = 3C0FC88215114BF800A30E66 /* AuthViewController.m */; };
		3C12D3C9150C45F9000915A5 /* UIKit.framework in Frameworks */ = {isa = PBXBuildFile; fileRef = 3C12D3C8150C45F9000915A5 /* UIKit.framework */; };
		3C12D3CB150C45F9000915A5 /* Foundation.framework in Frameworks */ = {isa = PBXBuildFile; fileRef = 3C12D3CA150C45F9000915A5 /* Foundation.framework */; };
		3C12D3CD150C45F9000915A5 /* CoreGraphics.framework in Frameworks */ = {isa = PBXBuildFile; fileRef = 3C12D3CC150C45F9000915A5 /* CoreGraphics.framework */; };
		3C12D3D3150C45F9000915A5 /* InfoPlist.strings in Resources */ = {isa = PBXBuildFile; fileRef = 3C12D3D1150C45F9000915A5 /* InfoPlist.strings */; };
		3C12D3D5150C45F9000915A5 /* main.m in Sources */ = {isa = PBXBuildFile; fileRef = 3C12D3D4150C45F9000915A5 /* main.m */; };
		3C12D3D9150C45F9000915A5 /* AppDelegate.m in Sources */ = {isa = PBXBuildFile; fileRef = 3C12D3D8150C45F9000915A5 /* AppDelegate.m */; };
		3C12D3DC150C45F9000915A5 /* MainStoryboard_iPhone.storyboard in Resources */ = {isa = PBXBuildFile; fileRef = 3C12D3DA150C45F9000915A5 /* MainStoryboard_iPhone.storyboard */; };
		3C12D3EA150C45F9000915A5 /* SenTestingKit.framework in Frameworks */ = {isa = PBXBuildFile; fileRef = 3C12D3E9150C45F9000915A5 /* SenTestingKit.framework */; };
		3C12D3EB150C45F9000915A5 /* UIKit.framework in Frameworks */ = {isa = PBXBuildFile; fileRef = 3C12D3C8150C45F9000915A5 /* UIKit.framework */; };
		3C12D3EC150C45F9000915A5 /* Foundation.framework in Frameworks */ = {isa = PBXBuildFile; fileRef = 3C12D3CA150C45F9000915A5 /* Foundation.framework */; };
		3C12D3F4150C45F9000915A5 /* InfoPlist.strings in Resources */ = {isa = PBXBuildFile; fileRef = 3C12D3F2150C45F9000915A5 /* InfoPlist.strings */; };
		3C12D3F7150C45F9000915A5 /* SimpleMoneyTests.m in Sources */ = {isa = PBXBuildFile; fileRef = 3C12D3F6150C45F9000915A5 /* SimpleMoneyTests.m */; };
		3C12D40B150C4CF5000915A5 /* SignInViewController.m in Sources */ = {isa = PBXBuildFile; fileRef = 3C12D40A150C4CF5000915A5 /* SignInViewController.m */; };
		3C12D40D150C64BF000915A5 /* landing-bg@2x.png in Resources */ = {isa = PBXBuildFile; fileRef = 3C12D40C150C64BF000915A5 /* landing-bg@2x.png */; };
		3C12D411150C6837000915A5 /* SignUpViewController.m in Sources */ = {isa = PBXBuildFile; fileRef = 3C12D410150C6837000915A5 /* SignUpViewController.m */; };
		3C14FB26151E9A3E00F9F421 /* TransactionTextField.m in Sources */ = {isa = PBXBuildFile; fileRef = 3C14FB25151E9A3E00F9F421 /* TransactionTextField.m */; };
		3C14FB29151EA33D00F9F421 /* tcell@2x.png in Resources */ = {isa = PBXBuildFile; fileRef = 3C14FB27151EA33D00F9F421 /* tcell@2x.png */; };
		3C14FB2A151EA33D00F9F421 /* tcell.png in Resources */ = {isa = PBXBuildFile; fileRef = 3C14FB28151EA33D00F9F421 /* tcell.png */; };
		3C235A9F150C6C920036B08B /* CurledViewBase.m in Sources */ = {isa = PBXBuildFile; fileRef = 3C235A9C150C6C920036B08B /* CurledViewBase.m */; };
		3C235AA0150C6C920036B08B /* UIImageView+Curled.m in Sources */ = {isa = PBXBuildFile; fileRef = 3C235A9E150C6C920036B08B /* UIImageView+Curled.m */; };
		3C235AA4150C712D0036B08B /* QuartzCore.framework in Frameworks */ = {isa = PBXBuildFile; fileRef = 3C235AA3150C712D0036B08B /* QuartzCore.framework */; };
		3C2D6EB5151EDE7000086CAF /* paper-button.png in Resources */ = {isa = PBXBuildFile; fileRef = 3C2D6EB4151EDE7000086CAF /* paper-button.png */; };
		3C2D6EB7151EE2D300086CAF /* sendmoney-bg.png in Resources */ = {isa = PBXBuildFile; fileRef = 3C2D6EB6151EE2D300086CAF /* sendmoney-bg.png */; };
		3C3C92C215229880003A8270 /* libzbar.a in Frameworks */ = {isa = PBXBuildFile; fileRef = 3C3C92BC15229880003A8270 /* libzbar.a */; };
		3C3C92C315229880003A8270 /* zbar-back.png in Resources */ = {isa = PBXBuildFile; fileRef = 3C3C92BE15229880003A8270 /* zbar-back.png */; };
		3C3C92C415229880003A8270 /* zbar-help.html in Resources */ = {isa = PBXBuildFile; fileRef = 3C3C92BF15229880003A8270 /* zbar-help.html */; };
		3C3C92C515229880003A8270 /* zbar-helpicons.png in Resources */ = {isa = PBXBuildFile; fileRef = 3C3C92C015229880003A8270 /* zbar-helpicons.png */; };
		3C3C92C615229880003A8270 /* zbar-samples.png in Resources */ = {isa = PBXBuildFile; fileRef = 3C3C92C115229880003A8270 /* zbar-samples.png */; };
		3C3C92DC15229E8B003A8270 /* libzbar_iphone.a in Frameworks */ = {isa = PBXBuildFile; fileRef = 3C3C92DB15229E8B003A8270 /* libzbar_iphone.a */; };
		3C4043AE1519460C00DDD62B /* AudioToolbox.framework in Frameworks */ = {isa = PBXBuildFile; fileRef = 3C4043AD1519460C00DDD62B /* AudioToolbox.framework */; };
		3C5F9C84151138C300201B20 /* InitialViewController.m in Sources */ = {isa = PBXBuildFile; fileRef = 3C5F9C83151138C300201B20 /* InitialViewController.m */; };
		3C5F9C881511401F00201B20 /* KeychainWrapper.m in Sources */ = {isa = PBXBuildFile; fileRef = 3C5F9C871511401F00201B20 /* KeychainWrapper.m */; };
		3C75D62E15159B51004269B1 /* TransactionCell.m in Sources */ = {isa = PBXBuildFile; fileRef = 3C75D62D15159B51004269B1 /* TransactionCell.m */; };
		3C7CB19D150D99DB0056E1FD /* UIImage+ScaledImage.m in Sources */ = {isa = PBXBuildFile; fileRef = 3C7CB19C150D99DB0056E1FD /* UIImage+ScaledImage.m */; };
		3C7CB1AB150DCC1F0056E1FD /* MBProgressHUD.m in Sources */ = {isa = PBXBuildFile; fileRef = 3C7CB1AA150DCC1F0056E1FD /* MBProgressHUD.m */; };
		3C7CB1B0150DCE330056E1FD /* MBProgressHUD.m in Sources */ = {isa = PBXBuildFile; fileRef = 3C7CB1AA150DCC1F0056E1FD /* MBProgressHUD.m */; };
		3C7CB1B4150DD4890056E1FD /* checkmark.png in Resources */ = {isa = PBXBuildFile; fileRef = 3C7CB1B3150DD4890056E1FD /* checkmark.png */; };
		3C7CB1B6150DD6500056E1FD /* checkmark@2x.png in Resources */ = {isa = PBXBuildFile; fileRef = 3C7CB1B5150DD6500056E1FD /* checkmark@2x.png */; };
		3C8714C2151475CF00722C6C /* SimpleMoney.xcdatamodeld in Sources */ = {isa = PBXBuildFile; fileRef = 3C8714C0151475CF00722C6C /* SimpleMoney.xcdatamodeld */; };
		3C88E1801513EBDE002D5C7C /* AddressBook.framework in Frameworks */ = {isa = PBXBuildFile; fileRef = 3C88E17E1513EBDD002D5C7C /* AddressBook.framework */; };
		3C88E1811513EBDE002D5C7C /* AddressBookUI.framework in Frameworks */ = {isa = PBXBuildFile; fileRef = 3C88E17F1513EBDD002D5C7C /* AddressBookUI.framework */; };
		3CA292C01519545400467578 /* SimpleMoney.entitlements in Resources */ = {isa = PBXBuildFile; fileRef = 3CA292BE151953BC00467578 /* SimpleMoney.entitlements */; };
		3CB0C1691523E7A600356F60 /* Transaction.m in Sources */ = {isa = PBXBuildFile; fileRef = 3CB0C1681523E7A600356F60 /* Transaction.m */; };
		3CB0C16C1523E7DF00356F60 /* User.m in Sources */ = {isa = PBXBuildFile; fileRef = 3CB0C16B1523E7DF00356F60 /* User.m */; };
		3CCAC86B151940D700696963 /* AVFoundation.framework in Frameworks */ = {isa = PBXBuildFile; fileRef = 3CCAC86A151940D700696963 /* AVFoundation.framework */; };
		3CCAC86D151940E300696963 /* CoreMedia.framework in Frameworks */ = {isa = PBXBuildFile; fileRef = 3CCAC86C151940E300696963 /* CoreMedia.framework */; };
		3CCAC86F151940E900696963 /* CoreVideo.framework in Frameworks */ = {isa = PBXBuildFile; fileRef = 3CCAC86E151940E900696963 /* CoreVideo.framework */; };
		3CCAC8711519416500696963 /* libiconv.dylib in Frameworks */ = {isa = PBXBuildFile; fileRef = 3CCAC8701519416500696963 /* libiconv.dylib */; };
		3CE836821511637A00A72EAE /* MapKit.framework in Frameworks */ = {isa = PBXBuildFile; fileRef = 3CE836811511637A00A72EAE /* MapKit.framework */; };
		3CF24A3F150C74C40048A70B /* CurledViewBase.m in Sources */ = {isa = PBXBuildFile; fileRef = 3C235A9C150C6C920036B08B /* CurledViewBase.m */; };
		3CF24A40150C74C40048A70B /* UIImageView+Curled.m in Sources */ = {isa = PBXBuildFile; fileRef = 3C235A9E150C6C920036B08B /* UIImageView+Curled.m */; };
		3CF24A48150C80FC0048A70B /* UIButton+Curled.m in Sources */ = {isa = PBXBuildFile; fileRef = 3CF24A47150C80FC0048A70B /* UIButton+Curled.m */; };
		3CF24A49150C810B0048A70B /* UIButton+Curled.m in Sources */ = {isa = PBXBuildFile; fileRef = 3CF24A47150C80FC0048A70B /* UIButton+Curled.m */; };
		3CF24A63150C8AB30048A70B /* CFNetwork.framework in Frameworks */ = {isa = PBXBuildFile; fileRef = 3CF24A62150C8AB30048A70B /* CFNetwork.framework */; };
		3CF24A65150C8AB90048A70B /* CoreData.framework in Frameworks */ = {isa = PBXBuildFile; fileRef = 3CF24A64150C8AB90048A70B /* CoreData.framework */; };
		3CF24A67150C8ABE0048A70B /* Security.framework in Frameworks */ = {isa = PBXBuildFile; fileRef = 3CF24A66150C8ABE0048A70B /* Security.framework */; };
		3CF24A69150C8AC50048A70B /* MobileCoreServices.framework in Frameworks */ = {isa = PBXBuildFile; fileRef = 3CF24A68150C8AC50048A70B /* MobileCoreServices.framework */; };
		3CF24A6B150C8ACB0048A70B /* SystemConfiguration.framework in Frameworks */ = {isa = PBXBuildFile; fileRef = 3CF24A6A150C8ACB0048A70B /* SystemConfiguration.framework */; };
		3CF24A6D150C8AD40048A70B /* libxml2.dylib in Frameworks */ = {isa = PBXBuildFile; fileRef = 3CF24A6C150C8AD40048A70B /* libxml2.dylib */; };
		3CF24A6E150C8ADE0048A70B /* libRestKit.a in Frameworks */ = {isa = PBXBuildFile; fileRef = 3CF24A59150C8A540048A70B /* libRestKit.a */; };
		3CF24A83150CB09D0048A70B /* profile.png in Resources */ = {isa = PBXBuildFile; fileRef = 3CF24A81150CB09D0048A70B /* profile.png */; };
		3CF24A84150CB09D0048A70B /* profile@2x.png in Resources */ = {isa = PBXBuildFile; fileRef = 3CF24A82150CB09D0048A70B /* profile@2x.png */; };
		3CF24A86150CB25D0048A70B /* landing-bg.png in Resources */ = {isa = PBXBuildFile; fileRef = 3CF24A85150CB25D0048A70B /* landing-bg.png */; };
		3CF24A89150D6BA70048A70B /* photobutton.png in Resources */ = {isa = PBXBuildFile; fileRef = 3CF24A87150D6BA70048A70B /* photobutton.png */; };
		3CF24A8A150D6BA70048A70B /* photobutton@2x.png in Resources */ = {isa = PBXBuildFile; fileRef = 3CF24A88150D6BA70048A70B /* photobutton@2x.png */; };
		3CF24A97150D8AA80048A70B /* libSDWebImage.a in Frameworks */ = {isa = PBXBuildFile; fileRef = 3CF24A96150D8A860048A70B /* libSDWebImage.a */; };
		3CF2B0F21514293800B067B0 /* InvoicesViewController.m in Sources */ = {isa = PBXBuildFile; fileRef = 3CF2B0F11514293800B067B0 /* InvoicesViewController.m */; };
		3CF2B0F51514294D00B067B0 /* BillsViewController.m in Sources */ = {isa = PBXBuildFile; fileRef = 3CF2B0F41514294D00B067B0 /* BillsViewController.m */; };
		3CF2B0F81514299E00B067B0 /* PullToRefreshView.m in Sources */ = {isa = PBXBuildFile; fileRef = 3CF2B0F71514299E00B067B0 /* PullToRefreshView.m */; };
		3CF2B0F915142BB600B067B0 /* PullToRefreshView.m in Sources */ = {isa = PBXBuildFile; fileRef = 3CF2B0F71514299E00B067B0 /* PullToRefreshView.m */; };
		3CF2B0FC15142F3300B067B0 /* arrow.png in Resources */ = {isa = PBXBuildFile; fileRef = 3CF2B0FA15142F3300B067B0 /* arrow.png */; };
		3CF2B0FD15142F3300B067B0 /* arrow@2x.png in Resources */ = {isa = PBXBuildFile; fileRef = 3CF2B0FB15142F3300B067B0 /* arrow@2x.png */; };
		8604B816154A675A002989DE /* NearbyTestViewController.m in Sources */ = {isa = PBXBuildFile; fileRef = 8604B815154A675A002989DE /* NearbyTestViewController.m */; };
		8604B81E154A9796002989DE /* CoreLocation.framework in Frameworks */ = {isa = PBXBuildFile; fileRef = 8604B81D154A9796002989DE /* CoreLocation.framework */; };
		8604B821154AA287002989DE /* LocalDealsTabBarViewController.m in Sources */ = {isa = PBXBuildFile; fileRef = 8604B820154AA287002989DE /* LocalDealsTabBarViewController.m */; };
		8604B824154AA848002989DE /* LocalDealsMapViewController.m in Sources */ = {isa = PBXBuildFile; fileRef = 8604B823154AA847002989DE /* LocalDealsMapViewController.m */; };
		8604B827154AA9A5002989DE /* LocalDealsTableViewController.m in Sources */ = {isa = PBXBuildFile; fileRef = 8604B826154AA9A5002989DE /* LocalDealsTableViewController.m */; };
		8604B830154AB772002989DE /* Merchant.m in Sources */ = {isa = PBXBuildFile; fileRef = 8604B82F154AB772002989DE /* Merchant.m */; };
		862AB1B21542C250007B23EB /* HiddenTabBarViewController.m in Sources */ = {isa = PBXBuildFile; fileRef = 862AB1B11542C250007B23EB /* HiddenTabBarViewController.m */; };
		864D1CB3152ADA000032CAB7 /* x.png in Resources */ = {isa = PBXBuildFile; fileRef = 864D1CB2152ADA000032CAB7 /* x.png */; };
		868EFCD5154B0A1800A15CD8 /* NearbyMerchant.m in Sources */ = {isa = PBXBuildFile; fileRef = 868EFCD4154B0A1800A15CD8 /* NearbyMerchant.m */; };
		8694F4B81528D6BD00E35A06 /* dollarsign.png in Resources */ = {isa = PBXBuildFile; fileRef = 8694F4B71528D6BD00E35A06 /* dollarsign.png */; };
		8694F4BC1528D81F00E35A06 /* groupedtable.png in Resources */ = {isa = PBXBuildFile; fileRef = 8694F4BB1528D81F00E35A06 /* groupedtable.png */; };
		8694F4BF1528D9D000E35A06 /* UIPlaceHolderTextView.m in Sources */ = {isa = PBXBuildFile; fileRef = 8694F4BE1528D9D000E35A06 /* UIPlaceHolderTextView.m */; };
		8694F4C21529076200E35A06 /* groupedtop.png in Resources */ = {isa = PBXBuildFile; fileRef = 8694F4C01529076200E35A06 /* groupedtop.png */; };
		8694F4C31529076200E35A06 /* groupedbottom.png in Resources */ = {isa = PBXBuildFile; fileRef = 8694F4C11529076200E35A06 /* groupedbottom.png */; };
		8694F4C515290B6900E35A06 /* top.png in Resources */ = {isa = PBXBuildFile; fileRef = 8694F4C415290B6900E35A06 /* top.png */; };
		8694F4CF152AA3C800E35A06 /* SendAndRequestMoneyTableViewController.m in Sources */ = {isa = PBXBuildFile; fileRef = 8694F4CE152AA3C800E35A06 /* SendAndRequestMoneyTableViewController.m */; };
		8694F4D2152AA4EB00E35A06 /* ABContactCell.m in Sources */ = {isa = PBXBuildFile; fileRef = 8694F4D1152AA4EB00E35A06 /* ABContactCell.m */; };
		8694F4D6152AAC3700E35A06 /* closed.png in Resources */ = {isa = PBXBuildFile; fileRef = 8694F4D5152AAC3700E35A06 /* closed.png */; };
		86E209771540F13C00E52DB3 /* QRCodeReaderViewController.m in Sources */ = {isa = PBXBuildFile; fileRef = 86E209761540F13C00E52DB3 /* QRCodeReaderViewController.m */; };
		86E209AD1541337700E52DB3 /* iphonewireframe.png in Resources */ = {isa = PBXBuildFile; fileRef = 86E209A91541337700E52DB3 /* iphonewireframe.png */; };
		86E209AE1541337700E52DB3 /* iphonewireframe@2x.png in Resources */ = {isa = PBXBuildFile; fileRef = 86E209AA1541337700E52DB3 /* iphonewireframe@2x.png */; };
		86E209AF1541337700E52DB3 /* pay-here.png in Resources */ = {isa = PBXBuildFile; fileRef = 86E209AB1541337700E52DB3 /* pay-here.png */; };
		86E209B01541337700E52DB3 /* pay-here@2x.png in Resources */ = {isa = PBXBuildFile; fileRef = 86E209AC1541337700E52DB3 /* pay-here@2x.png */; };
		86F5D75015401516005F6C0F /* Screen Shot 2012-04-05 at 2.58.36 AM.png in Resources */ = {isa = PBXBuildFile; fileRef = 86F5D74F15401516005F6C0F /* Screen Shot 2012-04-05 at 2.58.36 AM.png */; };
		86F5D7531540153D005F6C0F /* PINBox.png in Resources */ = {isa = PBXBuildFile; fileRef = 86F5D7511540153D005F6C0F /* PINBox.png */; };
		86F5D7541540153D005F6C0F /* PINBox@2x.png in Resources */ = {isa = PBXBuildFile; fileRef = 86F5D7521540153D005F6C0F /* PINBox@2x.png */; };
		86F5D75A15401D7C005F6C0F /* PaymentAuthorizedViewController.m in Sources */ = {isa = PBXBuildFile; fileRef = 86F5D75915401D7B005F6C0F /* PaymentAuthorizedViewController.m */; };
		86F5D75E15403120005F6C0F /* UIButton+WebCache.m in Sources */ = {isa = PBXBuildFile; fileRef = 86F5D75C15403112005F6C0F /* UIButton+WebCache.m */; };
		86F5D75F15403164005F6C0F /* GCStoryboardPINViewController.m in Sources */ = {isa = PBXBuildFile; fileRef = 86F5D75615401B20005F6C0F /* GCStoryboardPINViewController.m */; };
/* End PBXBuildFile section */

/* Begin PBXContainerItemProxy section */
		3C12D3ED150C45F9000915A5 /* PBXContainerItemProxy */ = {
			isa = PBXContainerItemProxy;
			containerPortal = 3C12D3BB150C45F9000915A5 /* Project object */;
			proxyType = 1;
			remoteGlobalIDString = 3C12D3C3150C45F9000915A5;
			remoteInfo = SimpleMoney;
		};
		3CF24A58150C8A540048A70B /* PBXContainerItemProxy */ = {
			isa = PBXContainerItemProxy;
			containerPortal = 3CF24A4E150C8A530048A70B /* RestKit.xcodeproj */;
			proxyType = 2;
			remoteGlobalIDString = 25160D1614564E810060A5C5;
			remoteInfo = RestKit;
		};
		3CF24A5A150C8A540048A70B /* PBXContainerItemProxy */ = {
			isa = PBXContainerItemProxy;
			containerPortal = 3CF24A4E150C8A530048A70B /* RestKit.xcodeproj */;
			proxyType = 2;
			remoteGlobalIDString = 25160D2614564E820060A5C5;
			remoteInfo = RestKitTests;
		};
		3CF24A5C150C8A540048A70B /* PBXContainerItemProxy */ = {
			isa = PBXContainerItemProxy;
			containerPortal = 3CF24A4E150C8A530048A70B /* RestKit.xcodeproj */;
			proxyType = 2;
			remoteGlobalIDString = 25160E62145651060060A5C5;
			remoteInfo = RestKitFramework;
		};
		3CF24A5E150C8A540048A70B /* PBXContainerItemProxy */ = {
			isa = PBXContainerItemProxy;
			containerPortal = 3CF24A4E150C8A530048A70B /* RestKit.xcodeproj */;
			proxyType = 2;
			remoteGlobalIDString = 25160E78145651060060A5C5;
			remoteInfo = RestKitFrameworkTests;
		};
		3CF24A60150C8AA10048A70B /* PBXContainerItemProxy */ = {
			isa = PBXContainerItemProxy;
			containerPortal = 3CF24A4E150C8A530048A70B /* RestKit.xcodeproj */;
			proxyType = 1;
			remoteGlobalIDString = 25160D1514564E810060A5C5;
			remoteInfo = RestKit;
		};
		3CF24A95150D8A860048A70B /* PBXContainerItemProxy */ = {
			isa = PBXContainerItemProxy;
			containerPortal = 3CF24A8E150D8A860048A70B /* SDWebImage.xcodeproj */;
			proxyType = 2;
			remoteGlobalIDString = 53922D6F148C55820056699D;
			remoteInfo = SDWebImage;
		};
		3CF24A9A150D8CFB0048A70B /* PBXContainerItemProxy */ = {
			isa = PBXContainerItemProxy;
			containerPortal = 3CF24A8E150D8A860048A70B /* SDWebImage.xcodeproj */;
			proxyType = 1;
			remoteGlobalIDString = 53922D6E148C55810056699D;
			remoteInfo = SDWebImage;
		};
/* End PBXContainerItemProxy section */

/* Begin PBXFileReference section */
		3C0C132F151A4ED800D034B8 /* error@2x.png */ = {isa = PBXFileReference; lastKnownFileType = image.png; path = "error@2x.png"; sourceTree = "<group>"; };
		3C0C1330151A4ED800D034B8 /* error.png */ = {isa = PBXFileReference; lastKnownFileType = image.png; path = error.png; sourceTree = "<group>"; };
		3C0FC87E15114B2700A30E66 /* HomeViewController.h */ = {isa = PBXFileReference; fileEncoding = 4; lastKnownFileType = sourcecode.c.h; path = HomeViewController.h; sourceTree = "<group>"; };
		3C0FC87F15114B2700A30E66 /* HomeViewController.m */ = {isa = PBXFileReference; fileEncoding = 4; lastKnownFileType = sourcecode.c.objc; path = HomeViewController.m; sourceTree = "<group>"; };
		3C0FC88115114BF800A30E66 /* AuthViewController.h */ = {isa = PBXFileReference; fileEncoding = 4; lastKnownFileType = sourcecode.c.h; path = AuthViewController.h; sourceTree = "<group>"; };
		3C0FC88215114BF800A30E66 /* AuthViewController.m */ = {isa = PBXFileReference; fileEncoding = 4; lastKnownFileType = sourcecode.c.objc; path = AuthViewController.m; sourceTree = "<group>"; };
		3C12D3C4150C45F9000915A5 /* SimpleMoney.app */ = {isa = PBXFileReference; explicitFileType = wrapper.application; includeInIndex = 0; path = SimpleMoney.app; sourceTree = BUILT_PRODUCTS_DIR; };
		3C12D3C8150C45F9000915A5 /* UIKit.framework */ = {isa = PBXFileReference; lastKnownFileType = wrapper.framework; name = UIKit.framework; path = System/Library/Frameworks/UIKit.framework; sourceTree = SDKROOT; };
		3C12D3CA150C45F9000915A5 /* Foundation.framework */ = {isa = PBXFileReference; lastKnownFileType = wrapper.framework; name = Foundation.framework; path = System/Library/Frameworks/Foundation.framework; sourceTree = SDKROOT; };
		3C12D3CC150C45F9000915A5 /* CoreGraphics.framework */ = {isa = PBXFileReference; lastKnownFileType = wrapper.framework; name = CoreGraphics.framework; path = System/Library/Frameworks/CoreGraphics.framework; sourceTree = SDKROOT; };
		3C12D3D0150C45F9000915A5 /* SimpleMoney-Info.plist */ = {isa = PBXFileReference; lastKnownFileType = text.plist.xml; path = "SimpleMoney-Info.plist"; sourceTree = "<group>"; };
		3C12D3D2150C45F9000915A5 /* en */ = {isa = PBXFileReference; lastKnownFileType = text.plist.strings; name = en; path = en.lproj/InfoPlist.strings; sourceTree = "<group>"; };
		3C12D3D4150C45F9000915A5 /* main.m */ = {isa = PBXFileReference; lastKnownFileType = sourcecode.c.objc; path = main.m; sourceTree = "<group>"; };
		3C12D3D6150C45F9000915A5 /* SimpleMoney-Prefix.pch */ = {isa = PBXFileReference; lastKnownFileType = sourcecode.c.h; path = "SimpleMoney-Prefix.pch"; sourceTree = "<group>"; };
		3C12D3D7150C45F9000915A5 /* AppDelegate.h */ = {isa = PBXFileReference; lastKnownFileType = sourcecode.c.h; path = AppDelegate.h; sourceTree = "<group>"; };
		3C12D3D8150C45F9000915A5 /* AppDelegate.m */ = {isa = PBXFileReference; lastKnownFileType = sourcecode.c.objc; path = AppDelegate.m; sourceTree = "<group>"; };
		3C12D3DB150C45F9000915A5 /* en */ = {isa = PBXFileReference; lastKnownFileType = file.storyboard; name = en; path = en.lproj/MainStoryboard_iPhone.storyboard; sourceTree = "<group>"; };
		3C12D3E8150C45F9000915A5 /* SimpleMoneyTests.octest */ = {isa = PBXFileReference; explicitFileType = wrapper.cfbundle; includeInIndex = 0; path = SimpleMoneyTests.octest; sourceTree = BUILT_PRODUCTS_DIR; };
		3C12D3E9150C45F9000915A5 /* SenTestingKit.framework */ = {isa = PBXFileReference; lastKnownFileType = wrapper.framework; name = SenTestingKit.framework; path = Library/Frameworks/SenTestingKit.framework; sourceTree = DEVELOPER_DIR; };
		3C12D3F1150C45F9000915A5 /* SimpleMoneyTests-Info.plist */ = {isa = PBXFileReference; lastKnownFileType = text.plist.xml; path = "SimpleMoneyTests-Info.plist"; sourceTree = "<group>"; };
		3C12D3F3150C45F9000915A5 /* en */ = {isa = PBXFileReference; lastKnownFileType = text.plist.strings; name = en; path = en.lproj/InfoPlist.strings; sourceTree = "<group>"; };
		3C12D3F5150C45F9000915A5 /* SimpleMoneyTests.h */ = {isa = PBXFileReference; lastKnownFileType = sourcecode.c.h; path = SimpleMoneyTests.h; sourceTree = "<group>"; };
		3C12D3F6150C45F9000915A5 /* SimpleMoneyTests.m */ = {isa = PBXFileReference; lastKnownFileType = sourcecode.c.objc; path = SimpleMoneyTests.m; sourceTree = "<group>"; };
		3C12D409150C4CF5000915A5 /* SignInViewController.h */ = {isa = PBXFileReference; fileEncoding = 4; lastKnownFileType = sourcecode.c.h; path = SignInViewController.h; sourceTree = "<group>"; };
		3C12D40A150C4CF5000915A5 /* SignInViewController.m */ = {isa = PBXFileReference; fileEncoding = 4; lastKnownFileType = sourcecode.c.objc; path = SignInViewController.m; sourceTree = "<group>"; };
		3C12D40C150C64BF000915A5 /* landing-bg@2x.png */ = {isa = PBXFileReference; lastKnownFileType = image.png; path = "landing-bg@2x.png"; sourceTree = "<group>"; };
		3C12D40F150C6837000915A5 /* SignUpViewController.h */ = {isa = PBXFileReference; fileEncoding = 4; lastKnownFileType = sourcecode.c.h; path = SignUpViewController.h; sourceTree = "<group>"; };
		3C12D410150C6837000915A5 /* SignUpViewController.m */ = {isa = PBXFileReference; fileEncoding = 4; lastKnownFileType = sourcecode.c.objc; path = SignUpViewController.m; sourceTree = "<group>"; };
		3C14FB24151E9A3E00F9F421 /* TransactionTextField.h */ = {isa = PBXFileReference; fileEncoding = 4; lastKnownFileType = sourcecode.c.h; path = TransactionTextField.h; sourceTree = "<group>"; };
		3C14FB25151E9A3E00F9F421 /* TransactionTextField.m */ = {isa = PBXFileReference; fileEncoding = 4; lastKnownFileType = sourcecode.c.objc; path = TransactionTextField.m; sourceTree = "<group>"; };
		3C14FB27151EA33D00F9F421 /* tcell@2x.png */ = {isa = PBXFileReference; lastKnownFileType = image.png; path = "tcell@2x.png"; sourceTree = "<group>"; };
		3C14FB28151EA33D00F9F421 /* tcell.png */ = {isa = PBXFileReference; lastKnownFileType = image.png; path = tcell.png; sourceTree = "<group>"; };
		3C235A9B150C6C920036B08B /* CurledViewBase.h */ = {isa = PBXFileReference; fileEncoding = 4; lastKnownFileType = sourcecode.c.h; path = CurledViewBase.h; sourceTree = "<group>"; };
		3C235A9C150C6C920036B08B /* CurledViewBase.m */ = {isa = PBXFileReference; fileEncoding = 4; lastKnownFileType = sourcecode.c.objc; path = CurledViewBase.m; sourceTree = "<group>"; };
		3C235A9D150C6C920036B08B /* UIImageView+Curled.h */ = {isa = PBXFileReference; fileEncoding = 4; lastKnownFileType = sourcecode.c.h; path = "UIImageView+Curled.h"; sourceTree = "<group>"; };
		3C235A9E150C6C920036B08B /* UIImageView+Curled.m */ = {isa = PBXFileReference; fileEncoding = 4; lastKnownFileType = sourcecode.c.objc; path = "UIImageView+Curled.m"; sourceTree = "<group>"; };
		3C235AA3150C712D0036B08B /* QuartzCore.framework */ = {isa = PBXFileReference; lastKnownFileType = wrapper.framework; name = QuartzCore.framework; path = System/Library/Frameworks/QuartzCore.framework; sourceTree = SDKROOT; };
		3C2D6EB4151EDE7000086CAF /* paper-button.png */ = {isa = PBXFileReference; lastKnownFileType = image.png; path = "paper-button.png"; sourceTree = "<group>"; };
		3C2D6EB6151EE2D300086CAF /* sendmoney-bg.png */ = {isa = PBXFileReference; lastKnownFileType = image.png; path = "sendmoney-bg.png"; sourceTree = "<group>"; };
		3C3C92A815229880003A8270 /* Decoder.h */ = {isa = PBXFileReference; fileEncoding = 4; lastKnownFileType = sourcecode.c.h; path = Decoder.h; sourceTree = "<group>"; };
		3C3C92A915229880003A8270 /* Exception.h */ = {isa = PBXFileReference; fileEncoding = 4; lastKnownFileType = sourcecode.c.h; path = Exception.h; sourceTree = "<group>"; };
		3C3C92AA15229880003A8270 /* Image.h */ = {isa = PBXFileReference; fileEncoding = 4; lastKnownFileType = sourcecode.c.h; path = Image.h; sourceTree = "<group>"; };
		3C3C92AB15229880003A8270 /* ImageScanner.h */ = {isa = PBXFileReference; fileEncoding = 4; lastKnownFileType = sourcecode.c.h; path = ImageScanner.h; sourceTree = "<group>"; };
		3C3C92AC15229880003A8270 /* Processor.h */ = {isa = PBXFileReference; fileEncoding = 4; lastKnownFileType = sourcecode.c.h; path = Processor.h; sourceTree = "<group>"; };
		3C3C92AD15229880003A8270 /* Scanner.h */ = {isa = PBXFileReference; fileEncoding = 4; lastKnownFileType = sourcecode.c.h; path = Scanner.h; sourceTree = "<group>"; };
		3C3C92AE15229880003A8270 /* Symbol.h */ = {isa = PBXFileReference; fileEncoding = 4; lastKnownFileType = sourcecode.c.h; path = Symbol.h; sourceTree = "<group>"; };
		3C3C92AF15229880003A8270 /* Video.h */ = {isa = PBXFileReference; fileEncoding = 4; lastKnownFileType = sourcecode.c.h; path = Video.h; sourceTree = "<group>"; };
		3C3C92B015229880003A8270 /* Window.h */ = {isa = PBXFileReference; fileEncoding = 4; lastKnownFileType = sourcecode.c.h; path = Window.h; sourceTree = "<group>"; };
		3C3C92B115229880003A8270 /* zbar.h */ = {isa = PBXFileReference; fileEncoding = 4; lastKnownFileType = sourcecode.c.h; path = zbar.h; sourceTree = "<group>"; };
		3C3C92B215229880003A8270 /* ZBarCameraSimulator.h */ = {isa = PBXFileReference; fileEncoding = 4; lastKnownFileType = sourcecode.c.h; path = ZBarCameraSimulator.h; sourceTree = "<group>"; };
		3C3C92B315229880003A8270 /* ZBarCaptureReader.h */ = {isa = PBXFileReference; fileEncoding = 4; lastKnownFileType = sourcecode.c.h; path = ZBarCaptureReader.h; sourceTree = "<group>"; };
		3C3C92B415229880003A8270 /* ZBarHelpController.h */ = {isa = PBXFileReference; fileEncoding = 4; lastKnownFileType = sourcecode.c.h; path = ZBarHelpController.h; sourceTree = "<group>"; };
		3C3C92B515229880003A8270 /* ZBarImage.h */ = {isa = PBXFileReference; fileEncoding = 4; lastKnownFileType = sourcecode.c.h; path = ZBarImage.h; sourceTree = "<group>"; };
		3C3C92B615229880003A8270 /* ZBarImageScanner.h */ = {isa = PBXFileReference; fileEncoding = 4; lastKnownFileType = sourcecode.c.h; path = ZBarImageScanner.h; sourceTree = "<group>"; };
		3C3C92B715229880003A8270 /* ZBarReaderController.h */ = {isa = PBXFileReference; fileEncoding = 4; lastKnownFileType = sourcecode.c.h; path = ZBarReaderController.h; sourceTree = "<group>"; };
		3C3C92B815229880003A8270 /* ZBarReaderView.h */ = {isa = PBXFileReference; fileEncoding = 4; lastKnownFileType = sourcecode.c.h; path = ZBarReaderView.h; sourceTree = "<group>"; };
		3C3C92B915229880003A8270 /* ZBarReaderViewController.h */ = {isa = PBXFileReference; fileEncoding = 4; lastKnownFileType = sourcecode.c.h; path = ZBarReaderViewController.h; sourceTree = "<group>"; };
		3C3C92BA15229880003A8270 /* ZBarSDK.h */ = {isa = PBXFileReference; fileEncoding = 4; lastKnownFileType = sourcecode.c.h; path = ZBarSDK.h; sourceTree = "<group>"; };
		3C3C92BB15229880003A8270 /* ZBarSymbol.h */ = {isa = PBXFileReference; fileEncoding = 4; lastKnownFileType = sourcecode.c.h; path = ZBarSymbol.h; sourceTree = "<group>"; };
		3C3C92BC15229880003A8270 /* libzbar.a */ = {isa = PBXFileReference; lastKnownFileType = archive.ar; path = libzbar.a; sourceTree = "<group>"; };
		3C3C92BE15229880003A8270 /* zbar-back.png */ = {isa = PBXFileReference; lastKnownFileType = image.png; path = "zbar-back.png"; sourceTree = "<group>"; };
		3C3C92BF15229880003A8270 /* zbar-help.html */ = {isa = PBXFileReference; fileEncoding = 4; lastKnownFileType = text.html; path = "zbar-help.html"; sourceTree = "<group>"; };
		3C3C92C015229880003A8270 /* zbar-helpicons.png */ = {isa = PBXFileReference; lastKnownFileType = image.png; path = "zbar-helpicons.png"; sourceTree = "<group>"; };
		3C3C92C115229880003A8270 /* zbar-samples.png */ = {isa = PBXFileReference; lastKnownFileType = image.png; path = "zbar-samples.png"; sourceTree = "<group>"; };
		3C3C92DB15229E8B003A8270 /* libzbar_iphone.a */ = {isa = PBXFileReference; lastKnownFileType = archive.ar; path = libzbar_iphone.a; sourceTree = "<group>"; };
		3C4043AD1519460C00DDD62B /* AudioToolbox.framework */ = {isa = PBXFileReference; lastKnownFileType = wrapper.framework; name = AudioToolbox.framework; path = System/Library/Frameworks/AudioToolbox.framework; sourceTree = SDKROOT; };
		3C5F9C82151138C300201B20 /* InitialViewController.h */ = {isa = PBXFileReference; fileEncoding = 4; lastKnownFileType = sourcecode.c.h; path = InitialViewController.h; sourceTree = "<group>"; };
		3C5F9C83151138C300201B20 /* InitialViewController.m */ = {isa = PBXFileReference; fileEncoding = 4; lastKnownFileType = sourcecode.c.objc; path = InitialViewController.m; sourceTree = "<group>"; };
		3C5F9C861511401F00201B20 /* KeychainWrapper.h */ = {isa = PBXFileReference; fileEncoding = 4; lastKnownFileType = sourcecode.c.h; path = KeychainWrapper.h; sourceTree = "<group>"; };
		3C5F9C871511401F00201B20 /* KeychainWrapper.m */ = {isa = PBXFileReference; fileEncoding = 4; lastKnownFileType = sourcecode.c.objc; path = KeychainWrapper.m; sourceTree = "<group>"; };
		3C75D62C15159B51004269B1 /* TransactionCell.h */ = {isa = PBXFileReference; fileEncoding = 4; lastKnownFileType = sourcecode.c.h; path = TransactionCell.h; sourceTree = "<group>"; };
		3C75D62D15159B51004269B1 /* TransactionCell.m */ = {isa = PBXFileReference; fileEncoding = 4; lastKnownFileType = sourcecode.c.objc; path = TransactionCell.m; sourceTree = "<group>"; };
		3C7CB19B150D99DB0056E1FD /* UIImage+ScaledImage.h */ = {isa = PBXFileReference; fileEncoding = 4; lastKnownFileType = sourcecode.c.h; path = "UIImage+ScaledImage.h"; sourceTree = "<group>"; };
		3C7CB19C150D99DB0056E1FD /* UIImage+ScaledImage.m */ = {isa = PBXFileReference; fileEncoding = 4; lastKnownFileType = sourcecode.c.objc; path = "UIImage+ScaledImage.m"; sourceTree = "<group>"; };
		3C7CB1A9150DCC1F0056E1FD /* MBProgressHUD.h */ = {isa = PBXFileReference; fileEncoding = 4; lastKnownFileType = sourcecode.c.h; path = MBProgressHUD.h; sourceTree = "<group>"; };
		3C7CB1AA150DCC1F0056E1FD /* MBProgressHUD.m */ = {isa = PBXFileReference; fileEncoding = 4; lastKnownFileType = sourcecode.c.objc; path = MBProgressHUD.m; sourceTree = "<group>"; };
		3C7CB1B3150DD4890056E1FD /* checkmark.png */ = {isa = PBXFileReference; lastKnownFileType = image.png; path = checkmark.png; sourceTree = "<group>"; };
		3C7CB1B5150DD6500056E1FD /* checkmark@2x.png */ = {isa = PBXFileReference; lastKnownFileType = image.png; path = "checkmark@2x.png"; sourceTree = "<group>"; };
		3C8714C1151475CF00722C6C /* SimpleMoney.xcdatamodel */ = {isa = PBXFileReference; lastKnownFileType = wrapper.xcdatamodel; path = SimpleMoney.xcdatamodel; sourceTree = "<group>"; };
		3C88E17E1513EBDD002D5C7C /* AddressBook.framework */ = {isa = PBXFileReference; lastKnownFileType = wrapper.framework; name = AddressBook.framework; path = System/Library/Frameworks/AddressBook.framework; sourceTree = SDKROOT; };
		3C88E17F1513EBDD002D5C7C /* AddressBookUI.framework */ = {isa = PBXFileReference; lastKnownFileType = wrapper.framework; name = AddressBookUI.framework; path = System/Library/Frameworks/AddressBookUI.framework; sourceTree = SDKROOT; };
		3C9EC44315147278004A5563 /* CWLSynthesizeSingleton.h */ = {isa = PBXFileReference; fileEncoding = 4; lastKnownFileType = sourcecode.c.h; path = CWLSynthesizeSingleton.h; sourceTree = "<group>"; };
		3CA292BE151953BC00467578 /* SimpleMoney.entitlements */ = {isa = PBXFileReference; fileEncoding = 4; lastKnownFileType = text.xml; path = SimpleMoney.entitlements; sourceTree = "<group>"; };
		3CB0C1671523E7A600356F60 /* Transaction.h */ = {isa = PBXFileReference; fileEncoding = 4; lastKnownFileType = sourcecode.c.h; path = Transaction.h; sourceTree = "<group>"; };
		3CB0C1681523E7A600356F60 /* Transaction.m */ = {isa = PBXFileReference; fileEncoding = 4; lastKnownFileType = sourcecode.c.objc; path = Transaction.m; sourceTree = "<group>"; };
		3CB0C16A1523E7DF00356F60 /* User.h */ = {isa = PBXFileReference; fileEncoding = 4; lastKnownFileType = sourcecode.c.h; path = User.h; sourceTree = "<group>"; };
		3CB0C16B1523E7DF00356F60 /* User.m */ = {isa = PBXFileReference; fileEncoding = 4; lastKnownFileType = sourcecode.c.objc; path = User.m; sourceTree = "<group>"; };
		3CCAC86A151940D700696963 /* AVFoundation.framework */ = {isa = PBXFileReference; lastKnownFileType = wrapper.framework; name = AVFoundation.framework; path = System/Library/Frameworks/AVFoundation.framework; sourceTree = SDKROOT; };
		3CCAC86C151940E300696963 /* CoreMedia.framework */ = {isa = PBXFileReference; lastKnownFileType = wrapper.framework; name = CoreMedia.framework; path = System/Library/Frameworks/CoreMedia.framework; sourceTree = SDKROOT; };
		3CCAC86E151940E900696963 /* CoreVideo.framework */ = {isa = PBXFileReference; lastKnownFileType = wrapper.framework; name = CoreVideo.framework; path = System/Library/Frameworks/CoreVideo.framework; sourceTree = SDKROOT; };
		3CCAC8701519416500696963 /* libiconv.dylib */ = {isa = PBXFileReference; lastKnownFileType = "compiled.mach-o.dylib"; name = libiconv.dylib; path = usr/lib/libiconv.dylib; sourceTree = SDKROOT; };
		3CE836811511637A00A72EAE /* MapKit.framework */ = {isa = PBXFileReference; lastKnownFileType = wrapper.framework; name = MapKit.framework; path = System/Library/Frameworks/MapKit.framework; sourceTree = SDKROOT; };
		3CF24A46150C80FC0048A70B /* UIButton+Curled.h */ = {isa = PBXFileReference; fileEncoding = 4; lastKnownFileType = sourcecode.c.h; path = "UIButton+Curled.h"; sourceTree = "<group>"; };
		3CF24A47150C80FC0048A70B /* UIButton+Curled.m */ = {isa = PBXFileReference; fileEncoding = 4; lastKnownFileType = sourcecode.c.objc; path = "UIButton+Curled.m"; sourceTree = "<group>"; };
		3CF24A4E150C8A530048A70B /* RestKit.xcodeproj */ = {isa = PBXFileReference; lastKnownFileType = "wrapper.pb-project"; name = RestKit.xcodeproj; path = RestKit/RestKit.xcodeproj; sourceTree = "<group>"; };
		3CF24A62150C8AB30048A70B /* CFNetwork.framework */ = {isa = PBXFileReference; lastKnownFileType = wrapper.framework; name = CFNetwork.framework; path = System/Library/Frameworks/CFNetwork.framework; sourceTree = SDKROOT; };
		3CF24A64150C8AB90048A70B /* CoreData.framework */ = {isa = PBXFileReference; lastKnownFileType = wrapper.framework; name = CoreData.framework; path = System/Library/Frameworks/CoreData.framework; sourceTree = SDKROOT; };
		3CF24A66150C8ABE0048A70B /* Security.framework */ = {isa = PBXFileReference; lastKnownFileType = wrapper.framework; name = Security.framework; path = System/Library/Frameworks/Security.framework; sourceTree = SDKROOT; };
		3CF24A68150C8AC50048A70B /* MobileCoreServices.framework */ = {isa = PBXFileReference; lastKnownFileType = wrapper.framework; name = MobileCoreServices.framework; path = System/Library/Frameworks/MobileCoreServices.framework; sourceTree = SDKROOT; };
		3CF24A6A150C8ACB0048A70B /* SystemConfiguration.framework */ = {isa = PBXFileReference; lastKnownFileType = wrapper.framework; name = SystemConfiguration.framework; path = System/Library/Frameworks/SystemConfiguration.framework; sourceTree = SDKROOT; };
		3CF24A6C150C8AD40048A70B /* libxml2.dylib */ = {isa = PBXFileReference; lastKnownFileType = "compiled.mach-o.dylib"; name = libxml2.dylib; path = usr/lib/libxml2.dylib; sourceTree = SDKROOT; };
		3CF24A81150CB09D0048A70B /* profile.png */ = {isa = PBXFileReference; lastKnownFileType = image.png; path = profile.png; sourceTree = "<group>"; };
		3CF24A82150CB09D0048A70B /* profile@2x.png */ = {isa = PBXFileReference; lastKnownFileType = image.png; path = "profile@2x.png"; sourceTree = "<group>"; };
		3CF24A85150CB25D0048A70B /* landing-bg.png */ = {isa = PBXFileReference; lastKnownFileType = image.png; path = "landing-bg.png"; sourceTree = "<group>"; };
		3CF24A87150D6BA70048A70B /* photobutton.png */ = {isa = PBXFileReference; lastKnownFileType = image.png; path = photobutton.png; sourceTree = "<group>"; };
		3CF24A88150D6BA70048A70B /* photobutton@2x.png */ = {isa = PBXFileReference; lastKnownFileType = image.png; path = "photobutton@2x.png"; sourceTree = "<group>"; };
		3CF24A8E150D8A860048A70B /* SDWebImage.xcodeproj */ = {isa = PBXFileReference; lastKnownFileType = "wrapper.pb-project"; name = SDWebImage.xcodeproj; path = SDWebImage/SDWebImage.xcodeproj; sourceTree = "<group>"; };
		3CF2B0F01514293800B067B0 /* InvoicesViewController.h */ = {isa = PBXFileReference; fileEncoding = 4; lastKnownFileType = sourcecode.c.h; path = InvoicesViewController.h; sourceTree = "<group>"; };
		3CF2B0F11514293800B067B0 /* InvoicesViewController.m */ = {isa = PBXFileReference; fileEncoding = 4; lastKnownFileType = sourcecode.c.objc; path = InvoicesViewController.m; sourceTree = "<group>"; };
		3CF2B0F31514294D00B067B0 /* BillsViewController.h */ = {isa = PBXFileReference; fileEncoding = 4; lastKnownFileType = sourcecode.c.h; path = BillsViewController.h; sourceTree = "<group>"; };
		3CF2B0F41514294D00B067B0 /* BillsViewController.m */ = {isa = PBXFileReference; fileEncoding = 4; lastKnownFileType = sourcecode.c.objc; path = BillsViewController.m; sourceTree = "<group>"; };
		3CF2B0F61514299E00B067B0 /* PullToRefreshView.h */ = {isa = PBXFileReference; fileEncoding = 4; lastKnownFileType = sourcecode.c.h; path = PullToRefreshView.h; sourceTree = "<group>"; };
		3CF2B0F71514299E00B067B0 /* PullToRefreshView.m */ = {isa = PBXFileReference; fileEncoding = 4; lastKnownFileType = sourcecode.c.objc; path = PullToRefreshView.m; sourceTree = "<group>"; };
		3CF2B0FA15142F3300B067B0 /* arrow.png */ = {isa = PBXFileReference; lastKnownFileType = image.png; path = arrow.png; sourceTree = "<group>"; };
		3CF2B0FB15142F3300B067B0 /* arrow@2x.png */ = {isa = PBXFileReference; lastKnownFileType = image.png; path = "arrow@2x.png"; sourceTree = "<group>"; };
		8604B814154A675A002989DE /* NearbyTestViewController.h */ = {isa = PBXFileReference; fileEncoding = 4; lastKnownFileType = sourcecode.c.h; path = NearbyTestViewController.h; sourceTree = "<group>"; };
		8604B815154A675A002989DE /* NearbyTestViewController.m */ = {isa = PBXFileReference; fileEncoding = 4; lastKnownFileType = sourcecode.c.objc; path = NearbyTestViewController.m; sourceTree = "<group>"; };
		8604B81D154A9796002989DE /* CoreLocation.framework */ = {isa = PBXFileReference; lastKnownFileType = wrapper.framework; name = CoreLocation.framework; path = System/Library/Frameworks/CoreLocation.framework; sourceTree = SDKROOT; };
		8604B81F154AA286002989DE /* LocalDealsTabBarViewController.h */ = {isa = PBXFileReference; fileEncoding = 4; lastKnownFileType = sourcecode.c.h; path = LocalDealsTabBarViewController.h; sourceTree = "<group>"; };
		8604B820154AA287002989DE /* LocalDealsTabBarViewController.m */ = {isa = PBXFileReference; fileEncoding = 4; lastKnownFileType = sourcecode.c.objc; path = LocalDealsTabBarViewController.m; sourceTree = "<group>"; };
		8604B822154AA847002989DE /* LocalDealsMapViewController.h */ = {isa = PBXFileReference; fileEncoding = 4; lastKnownFileType = sourcecode.c.h; path = LocalDealsMapViewController.h; sourceTree = "<group>"; };
		8604B823154AA847002989DE /* LocalDealsMapViewController.m */ = {isa = PBXFileReference; fileEncoding = 4; lastKnownFileType = sourcecode.c.objc; path = LocalDealsMapViewController.m; sourceTree = "<group>"; };
		8604B825154AA9A4002989DE /* LocalDealsTableViewController.h */ = {isa = PBXFileReference; fileEncoding = 4; lastKnownFileType = sourcecode.c.h; path = LocalDealsTableViewController.h; sourceTree = "<group>"; };
		8604B826154AA9A5002989DE /* LocalDealsTableViewController.m */ = {isa = PBXFileReference; fileEncoding = 4; lastKnownFileType = sourcecode.c.objc; path = LocalDealsTableViewController.m; sourceTree = "<group>"; };
		8604B82E154AB772002989DE /* Merchant.h */ = {isa = PBXFileReference; fileEncoding = 4; lastKnownFileType = sourcecode.c.h; path = Merchant.h; sourceTree = "<group>"; };
		8604B82F154AB772002989DE /* Merchant.m */ = {isa = PBXFileReference; fileEncoding = 4; lastKnownFileType = sourcecode.c.objc; path = Merchant.m; sourceTree = "<group>"; };
		862AB1B01542C24F007B23EB /* HiddenTabBarViewController.h */ = {isa = PBXFileReference; fileEncoding = 4; lastKnownFileType = sourcecode.c.h; path = HiddenTabBarViewController.h; sourceTree = "<group>"; };
		862AB1B11542C250007B23EB /* HiddenTabBarViewController.m */ = {isa = PBXFileReference; fileEncoding = 4; lastKnownFileType = sourcecode.c.objc; path = HiddenTabBarViewController.m; sourceTree = "<group>"; };
		864D1CB2152ADA000032CAB7 /* x.png */ = {isa = PBXFileReference; lastKnownFileType = image.png; path = x.png; sourceTree = "<group>"; };
		868EFCD3154B0A1800A15CD8 /* NearbyMerchant.h */ = {isa = PBXFileReference; fileEncoding = 4; lastKnownFileType = sourcecode.c.h; path = NearbyMerchant.h; sourceTree = "<group>"; };
		868EFCD4154B0A1800A15CD8 /* NearbyMerchant.m */ = {isa = PBXFileReference; fileEncoding = 4; lastKnownFileType = sourcecode.c.objc; path = NearbyMerchant.m; sourceTree = "<group>"; };
		8694F4B71528D6BD00E35A06 /* dollarsign.png */ = {isa = PBXFileReference; lastKnownFileType = image.png; path = dollarsign.png; sourceTree = "<group>"; };
		8694F4BB1528D81F00E35A06 /* groupedtable.png */ = {isa = PBXFileReference; lastKnownFileType = image.png; path = groupedtable.png; sourceTree = "<group>"; };
		8694F4BD1528D9D000E35A06 /* UIPlaceHolderTextView.h */ = {isa = PBXFileReference; fileEncoding = 4; lastKnownFileType = sourcecode.c.h; path = UIPlaceHolderTextView.h; sourceTree = "<group>"; };
		8694F4BE1528D9D000E35A06 /* UIPlaceHolderTextView.m */ = {isa = PBXFileReference; fileEncoding = 4; lastKnownFileType = sourcecode.c.objc; path = UIPlaceHolderTextView.m; sourceTree = "<group>"; };
		8694F4C01529076200E35A06 /* groupedtop.png */ = {isa = PBXFileReference; lastKnownFileType = image.png; path = groupedtop.png; sourceTree = "<group>"; };
		8694F4C11529076200E35A06 /* groupedbottom.png */ = {isa = PBXFileReference; lastKnownFileType = image.png; path = groupedbottom.png; sourceTree = "<group>"; };
		8694F4C415290B6900E35A06 /* top.png */ = {isa = PBXFileReference; lastKnownFileType = image.png; path = top.png; sourceTree = "<group>"; };
		8694F4CD152AA3C700E35A06 /* SendAndRequestMoneyTableViewController.h */ = {isa = PBXFileReference; fileEncoding = 4; lastKnownFileType = sourcecode.c.h; path = SendAndRequestMoneyTableViewController.h; sourceTree = "<group>"; };
		8694F4CE152AA3C800E35A06 /* SendAndRequestMoneyTableViewController.m */ = {isa = PBXFileReference; fileEncoding = 4; lastKnownFileType = sourcecode.c.objc; path = SendAndRequestMoneyTableViewController.m; sourceTree = "<group>"; };
		8694F4D0152AA4EB00E35A06 /* ABContactCell.h */ = {isa = PBXFileReference; fileEncoding = 4; lastKnownFileType = sourcecode.c.h; path = ABContactCell.h; sourceTree = "<group>"; };
		8694F4D1152AA4EB00E35A06 /* ABContactCell.m */ = {isa = PBXFileReference; fileEncoding = 4; lastKnownFileType = sourcecode.c.objc; path = ABContactCell.m; sourceTree = "<group>"; };
		8694F4D5152AAC3700E35A06 /* closed.png */ = {isa = PBXFileReference; lastKnownFileType = image.png; path = closed.png; sourceTree = "<group>"; };
		86E209751540F13C00E52DB3 /* QRCodeReaderViewController.h */ = {isa = PBXFileReference; fileEncoding = 4; lastKnownFileType = sourcecode.c.h; path = QRCodeReaderViewController.h; sourceTree = "<group>"; };
		86E209761540F13C00E52DB3 /* QRCodeReaderViewController.m */ = {isa = PBXFileReference; fileEncoding = 4; lastKnownFileType = sourcecode.c.objc; path = QRCodeReaderViewController.m; sourceTree = "<group>"; };
		86E209A91541337700E52DB3 /* iphonewireframe.png */ = {isa = PBXFileReference; lastKnownFileType = image.png; path = iphonewireframe.png; sourceTree = "<group>"; };
		86E209AA1541337700E52DB3 /* iphonewireframe@2x.png */ = {isa = PBXFileReference; lastKnownFileType = image.png; path = "iphonewireframe@2x.png"; sourceTree = "<group>"; };
		86E209AB1541337700E52DB3 /* pay-here.png */ = {isa = PBXFileReference; lastKnownFileType = image.png; path = "pay-here.png"; sourceTree = "<group>"; };
		86E209AC1541337700E52DB3 /* pay-here@2x.png */ = {isa = PBXFileReference; lastKnownFileType = image.png; path = "pay-here@2x.png"; sourceTree = "<group>"; };
		86F5D74F15401516005F6C0F /* Screen Shot 2012-04-05 at 2.58.36 AM.png */ = {isa = PBXFileReference; lastKnownFileType = image.png; path = "Screen Shot 2012-04-05 at 2.58.36 AM.png"; sourceTree = "<group>"; };
		86F5D7511540153D005F6C0F /* PINBox.png */ = {isa = PBXFileReference; lastKnownFileType = image.png; path = PINBox.png; sourceTree = "<group>"; };
		86F5D7521540153D005F6C0F /* PINBox@2x.png */ = {isa = PBXFileReference; lastKnownFileType = image.png; path = "PINBox@2x.png"; sourceTree = "<group>"; };
		86F5D75515401B20005F6C0F /* GCStoryboardPINViewController.h */ = {isa = PBXFileReference; fileEncoding = 4; lastKnownFileType = sourcecode.c.h; path = GCStoryboardPINViewController.h; sourceTree = "<group>"; };
		86F5D75615401B20005F6C0F /* GCStoryboardPINViewController.m */ = {isa = PBXFileReference; fileEncoding = 4; lastKnownFileType = sourcecode.c.objc; path = GCStoryboardPINViewController.m; sourceTree = "<group>"; };
		86F5D75815401D7B005F6C0F /* PaymentAuthorizedViewController.h */ = {isa = PBXFileReference; fileEncoding = 4; lastKnownFileType = sourcecode.c.h; path = PaymentAuthorizedViewController.h; sourceTree = "<group>"; };
		86F5D75915401D7B005F6C0F /* PaymentAuthorizedViewController.m */ = {isa = PBXFileReference; fileEncoding = 4; lastKnownFileType = sourcecode.c.objc; path = PaymentAuthorizedViewController.m; sourceTree = "<group>"; };
		86F5D75B15403112005F6C0F /* UIButton+WebCache.h */ = {isa = PBXFileReference; fileEncoding = 4; lastKnownFileType = sourcecode.c.h; path = "UIButton+WebCache.h"; sourceTree = "<group>"; };
		86F5D75C15403112005F6C0F /* UIButton+WebCache.m */ = {isa = PBXFileReference; fileEncoding = 4; lastKnownFileType = sourcecode.c.objc; path = "UIButton+WebCache.m"; sourceTree = "<group>"; };
/* End PBXFileReference section */

/* Begin PBXFrameworksBuildPhase section */
		3C12D3C1150C45F9000915A5 /* Frameworks */ = {
			isa = PBXFrameworksBuildPhase;
			buildActionMask = 2147483647;
			files = (
				3C4043AE1519460C00DDD62B /* AudioToolbox.framework in Frameworks */,
				3CCAC86B151940D700696963 /* AVFoundation.framework in Frameworks */,
				3CCAC86D151940E300696963 /* CoreMedia.framework in Frameworks */,
				3CCAC86F151940E900696963 /* CoreVideo.framework in Frameworks */,
				3C235AA4150C712D0036B08B /* QuartzCore.framework in Frameworks */,
				3C12D3CB150C45F9000915A5 /* Foundation.framework in Frameworks */,
				3C12D3CD150C45F9000915A5 /* CoreGraphics.framework in Frameworks */,
				3C12D3C9150C45F9000915A5 /* UIKit.framework in Frameworks */,
				3CCAC8711519416500696963 /* libiconv.dylib in Frameworks */,
				3C88E1801513EBDE002D5C7C /* AddressBook.framework in Frameworks */,
				3C88E1811513EBDE002D5C7C /* AddressBookUI.framework in Frameworks */,
				3CE836821511637A00A72EAE /* MapKit.framework in Frameworks */,
				3CF24A97150D8AA80048A70B /* libSDWebImage.a in Frameworks */,
				3CF24A6E150C8ADE0048A70B /* libRestKit.a in Frameworks */,
				3CF24A6D150C8AD40048A70B /* libxml2.dylib in Frameworks */,
				3CF24A6B150C8ACB0048A70B /* SystemConfiguration.framework in Frameworks */,
				3CF24A69150C8AC50048A70B /* MobileCoreServices.framework in Frameworks */,
				3CF24A67150C8ABE0048A70B /* Security.framework in Frameworks */,
				3CF24A65150C8AB90048A70B /* CoreData.framework in Frameworks */,
				3CF24A63150C8AB30048A70B /* CFNetwork.framework in Frameworks */,
				8604B81E154A9796002989DE /* CoreLocation.framework in Frameworks */,
				3C3C92C215229880003A8270 /* libzbar.a in Frameworks */,
				3C3C92DC15229E8B003A8270 /* libzbar_iphone.a in Frameworks */,
			);
			runOnlyForDeploymentPostprocessing = 0;
		};
		3C12D3E4150C45F9000915A5 /* Frameworks */ = {
			isa = PBXFrameworksBuildPhase;
			buildActionMask = 2147483647;
			files = (
				3C12D3EA150C45F9000915A5 /* SenTestingKit.framework in Frameworks */,
				3C12D3EB150C45F9000915A5 /* UIKit.framework in Frameworks */,
				3C12D3EC150C45F9000915A5 /* Foundation.framework in Frameworks */,
			);
			runOnlyForDeploymentPostprocessing = 0;
		};
/* End PBXFrameworksBuildPhase section */

/* Begin PBXGroup section */
		3C12D3B9150C45F9000915A5 = {
			isa = PBXGroup;
			children = (
				3C12D3CE150C45F9000915A5 /* SimpleMoney */,
				3C12D3EF150C45F9000915A5 /* SimpleMoneyTests */,
				3C12D3C7150C45F9000915A5 /* Frameworks */,
				3C12D3C5150C45F9000915A5 /* Products */,
			);
			sourceTree = "<group>";
		};
		3C12D3C5150C45F9000915A5 /* Products */ = {
			isa = PBXGroup;
			children = (
				3C12D3C4150C45F9000915A5 /* SimpleMoney.app */,
				3C12D3E8150C45F9000915A5 /* SimpleMoneyTests.octest */,
			);
			name = Products;
			sourceTree = "<group>";
		};
		3C12D3C7150C45F9000915A5 /* Frameworks */ = {
			isa = PBXGroup;
			children = (
				8604B81D154A9796002989DE /* CoreLocation.framework */,
				3C3C92A415229880003A8270 /* ZBarSDK */,
				3C4043AD1519460C00DDD62B /* AudioToolbox.framework */,
				3CCAC8701519416500696963 /* libiconv.dylib */,
				3CCAC86E151940E900696963 /* CoreVideo.framework */,
				3CCAC86C151940E300696963 /* CoreMedia.framework */,
				3CCAC86A151940D700696963 /* AVFoundation.framework */,
				3C88E17E1513EBDD002D5C7C /* AddressBook.framework */,
				3C88E17F1513EBDD002D5C7C /* AddressBookUI.framework */,
				3CF24A8E150D8A860048A70B /* SDWebImage.xcodeproj */,
				3CF24A4E150C8A530048A70B /* RestKit.xcodeproj */,
				3CE836811511637A00A72EAE /* MapKit.framework */,
				3CF24A6C150C8AD40048A70B /* libxml2.dylib */,
				3CF24A6A150C8ACB0048A70B /* SystemConfiguration.framework */,
				3CF24A68150C8AC50048A70B /* MobileCoreServices.framework */,
				3CF24A66150C8ABE0048A70B /* Security.framework */,
				3CF24A64150C8AB90048A70B /* CoreData.framework */,
				3CF24A62150C8AB30048A70B /* CFNetwork.framework */,
				3C235AA3150C712D0036B08B /* QuartzCore.framework */,
				3C12D3C8150C45F9000915A5 /* UIKit.framework */,
				3C12D3CA150C45F9000915A5 /* Foundation.framework */,
				3C12D3CC150C45F9000915A5 /* CoreGraphics.framework */,
				3C12D3E9150C45F9000915A5 /* SenTestingKit.framework */,
			);
			name = Frameworks;
			sourceTree = "<group>";
		};
		3C12D3CE150C45F9000915A5 /* SimpleMoney */ = {
			isa = PBXGroup;
			children = (
				3CF2B0EF151428D000B067B0 /* Authentication */,
				3C12D3DA150C45F9000915A5 /* MainStoryboard_iPhone.storyboard */,
				8604B81F154AA286002989DE /* LocalDealsTabBarViewController.h */,
				8604B820154AA287002989DE /* LocalDealsTabBarViewController.m */,
				8604B825154AA9A4002989DE /* LocalDealsTableViewController.h */,
				8604B826154AA9A5002989DE /* LocalDealsTableViewController.m */,
				8604B814154A675A002989DE /* NearbyTestViewController.h */,
				8604B815154A675A002989DE /* NearbyTestViewController.m */,
				862AB1B01542C24F007B23EB /* HiddenTabBarViewController.h */,
				862AB1B11542C250007B23EB /* HiddenTabBarViewController.m */,
				3C12D3D7150C45F9000915A5 /* AppDelegate.h */,
				3C12D3D8150C45F9000915A5 /* AppDelegate.m */,
				8694F4CD152AA3C700E35A06 /* SendAndRequestMoneyTableViewController.h */,
				8694F4CE152AA3C800E35A06 /* SendAndRequestMoneyTableViewController.m */,
				3C5F9C82151138C300201B20 /* InitialViewController.h */,
				3C5F9C83151138C300201B20 /* InitialViewController.m */,
				3C0FC87E15114B2700A30E66 /* HomeViewController.h */,
				3C0FC87F15114B2700A30E66 /* HomeViewController.m */,
				868EFCD3154B0A1800A15CD8 /* NearbyMerchant.h */,
				868EFCD4154B0A1800A15CD8 /* NearbyMerchant.m */,
				8604B822154AA847002989DE /* LocalDealsMapViewController.h */,
				8604B823154AA847002989DE /* LocalDealsMapViewController.m */,
				3CF2B0F31514294D00B067B0 /* BillsViewController.h */,
				3CF2B0F41514294D00B067B0 /* BillsViewController.m */,
				3CF2B0F01514293800B067B0 /* InvoicesViewController.h */,
				3CF2B0F11514293800B067B0 /* InvoicesViewController.m */,
				86F5D75815401D7B005F6C0F /* PaymentAuthorizedViewController.h */,
				86F5D75915401D7B005F6C0F /* PaymentAuthorizedViewController.m */,
				86E209751540F13C00E52DB3 /* QRCodeReaderViewController.h */,
				86E209761540F13C00E52DB3 /* QRCodeReaderViewController.m */,
				3C30FDA6151FD323007A8F9E /* Custom UI */,
				3CF24A6F150C9ED00048A70B /* Models */,
				3C12D40E150C64C6000915A5 /* Assets */,
				3C235A99150C6C760036B08B /* Utilities */,
				3C12D3CF150C45F9000915A5 /* Supporting Files */,
			);
			path = SimpleMoney;
			sourceTree = "<group>";
		};
		3C12D3CF150C45F9000915A5 /* Supporting Files */ = {
			isa = PBXGroup;
			children = (
				3CA292BE151953BC00467578 /* SimpleMoney.entitlements */,
				3C12D3D0150C45F9000915A5 /* SimpleMoney-Info.plist */,
				3C12D3D1150C45F9000915A5 /* InfoPlist.strings */,
				3C12D3D4150C45F9000915A5 /* main.m */,
				3C12D3D6150C45F9000915A5 /* SimpleMoney-Prefix.pch */,
			);
			name = "Supporting Files";
			sourceTree = "<group>";
		};
		3C12D3EF150C45F9000915A5 /* SimpleMoneyTests */ = {
			isa = PBXGroup;
			children = (
				3C12D3F5150C45F9000915A5 /* SimpleMoneyTests.h */,
				3C12D3F6150C45F9000915A5 /* SimpleMoneyTests.m */,
				3C12D3F0150C45F9000915A5 /* Supporting Files */,
			);
			path = SimpleMoneyTests;
			sourceTree = "<group>";
		};
		3C12D3F0150C45F9000915A5 /* Supporting Files */ = {
			isa = PBXGroup;
			children = (
				3C12D3F1150C45F9000915A5 /* SimpleMoneyTests-Info.plist */,
				3C12D3F2150C45F9000915A5 /* InfoPlist.strings */,
			);
			name = "Supporting Files";
			sourceTree = "<group>";
		};
		3C12D40E150C64C6000915A5 /* Assets */ = {
			isa = PBXGroup;
			children = (
				86E209A91541337700E52DB3 /* iphonewireframe.png */,
				86E209AA1541337700E52DB3 /* iphonewireframe@2x.png */,
				86E209AB1541337700E52DB3 /* pay-here.png */,
				86E209AC1541337700E52DB3 /* pay-here@2x.png */,
				86F5D7511540153D005F6C0F /* PINBox.png */,
				86F5D7521540153D005F6C0F /* PINBox@2x.png */,
				86F5D74F15401516005F6C0F /* Screen Shot 2012-04-05 at 2.58.36 AM.png */,
				3C2D6EB6151EE2D300086CAF /* sendmoney-bg.png */,
				3C2D6EB4151EDE7000086CAF /* paper-button.png */,
				864D1CB2152ADA000032CAB7 /* x.png */,
				3C14FB27151EA33D00F9F421 /* tcell@2x.png */,
				3C14FB28151EA33D00F9F421 /* tcell.png */,
				8694F4C415290B6900E35A06 /* top.png */,
				8694F4BB1528D81F00E35A06 /* groupedtable.png */,
				8694F4C01529076200E35A06 /* groupedtop.png */,
				8694F4C11529076200E35A06 /* groupedbottom.png */,
				3C0C132F151A4ED800D034B8 /* error@2x.png */,
				3C0C1330151A4ED800D034B8 /* error.png */,
				3CF2B0FA15142F3300B067B0 /* arrow.png */,
				8694F4B71528D6BD00E35A06 /* dollarsign.png */,
				3CF2B0FB15142F3300B067B0 /* arrow@2x.png */,
				3CF24A87150D6BA70048A70B /* photobutton.png */,
				3CF24A88150D6BA70048A70B /* photobutton@2x.png */,
				3CF24A81150CB09D0048A70B /* profile.png */,
				8694F4D5152AAC3700E35A06 /* closed.png */,
				3CF24A82150CB09D0048A70B /* profile@2x.png */,
				3C7CB1B3150DD4890056E1FD /* checkmark.png */,
				3C7CB1B5150DD6500056E1FD /* checkmark@2x.png */,
				3CF24A85150CB25D0048A70B /* landing-bg.png */,
				3C12D40C150C64BF000915A5 /* landing-bg@2x.png */,
			);
			name = Assets;
			sourceTree = "<group>";
		};
		3C235A99150C6C760036B08B /* Utilities */ = {
			isa = PBXGroup;
			children = (
				86F5D75B15403112005F6C0F /* UIButton+WebCache.h */,
				86F5D75C15403112005F6C0F /* UIButton+WebCache.m */,
				3C9EC44315147278004A5563 /* CWLSynthesizeSingleton.h */,
				3CF2B0F61514299E00B067B0 /* PullToRefreshView.h */,
				3CF2B0F71514299E00B067B0 /* PullToRefreshView.m */,
				3C5F9C8515113FFC00201B20 /* KeychainWrapper */,
				3C7CB1A8150DCBFF0056E1FD /* MBProgressHUD */,
				3C7CB19E150D9C6B0056E1FD /* ScaledImage */,
				3CF24A98150D8C350048A70B /* CurledImageView */,
			);
			name = Utilities;
			sourceTree = "<group>";
		};
		3C30FDA6151FD323007A8F9E /* Custom UI */ = {
			isa = PBXGroup;
			children = (
				8694F4BD1528D9D000E35A06 /* UIPlaceHolderTextView.h */,
				86F5D75515401B20005F6C0F /* GCStoryboardPINViewController.h */,
				86F5D75615401B20005F6C0F /* GCStoryboardPINViewController.m */,
				8694F4BE1528D9D000E35A06 /* UIPlaceHolderTextView.m */,
				3C75D62C15159B51004269B1 /* TransactionCell.h */,
				3C75D62D15159B51004269B1 /* TransactionCell.m */,
				3C14FB24151E9A3E00F9F421 /* TransactionTextField.h */,
				3C14FB25151E9A3E00F9F421 /* TransactionTextField.m */,
				8694F4D0152AA4EB00E35A06 /* ABContactCell.h */,
				8694F4D1152AA4EB00E35A06 /* ABContactCell.m */,
			);
			name = "Custom UI";
			sourceTree = "<group>";
		};
		3C3C92A415229880003A8270 /* ZBarSDK */ = {
			isa = PBXGroup;
			children = (
				3C3C92DB15229E8B003A8270 /* libzbar_iphone.a */,
				3C3C92A515229880003A8270 /* Headers */,
				3C3C92BC15229880003A8270 /* libzbar.a */,
				3C3C92BD15229880003A8270 /* Resources */,
			);
			path = ZBarSDK;
			sourceTree = "<group>";
		};
		3C3C92A515229880003A8270 /* Headers */ = {
			isa = PBXGroup;
			children = (
				3C3C92A615229880003A8270 /* ZBarSDK */,
			);
			path = Headers;
			sourceTree = "<group>";
		};
		3C3C92A615229880003A8270 /* ZBarSDK */ = {
			isa = PBXGroup;
			children = (
				3C3C92A715229880003A8270 /* zbar */,
				3C3C92B115229880003A8270 /* zbar.h */,
				3C3C92B215229880003A8270 /* ZBarCameraSimulator.h */,
				3C3C92B315229880003A8270 /* ZBarCaptureReader.h */,
				3C3C92B415229880003A8270 /* ZBarHelpController.h */,
				3C3C92B515229880003A8270 /* ZBarImage.h */,
				3C3C92B615229880003A8270 /* ZBarImageScanner.h */,
				3C3C92B715229880003A8270 /* ZBarReaderController.h */,
				3C3C92B815229880003A8270 /* ZBarReaderView.h */,
				3C3C92B915229880003A8270 /* ZBarReaderViewController.h */,
				3C3C92BA15229880003A8270 /* ZBarSDK.h */,
				3C3C92BB15229880003A8270 /* ZBarSymbol.h */,
			);
			path = ZBarSDK;
			sourceTree = "<group>";
		};
		3C3C92A715229880003A8270 /* zbar */ = {
			isa = PBXGroup;
			children = (
				3C3C92A815229880003A8270 /* Decoder.h */,
				3C3C92A915229880003A8270 /* Exception.h */,
				3C3C92AA15229880003A8270 /* Image.h */,
				3C3C92AB15229880003A8270 /* ImageScanner.h */,
				3C3C92AC15229880003A8270 /* Processor.h */,
				3C3C92AD15229880003A8270 /* Scanner.h */,
				3C3C92AE15229880003A8270 /* Symbol.h */,
				3C3C92AF15229880003A8270 /* Video.h */,
				3C3C92B015229880003A8270 /* Window.h */,
			);
			path = zbar;
			sourceTree = "<group>";
		};
		3C3C92BD15229880003A8270 /* Resources */ = {
			isa = PBXGroup;
			children = (
				3C3C92BE15229880003A8270 /* zbar-back.png */,
				3C3C92BF15229880003A8270 /* zbar-help.html */,
				3C3C92C015229880003A8270 /* zbar-helpicons.png */,
				3C3C92C115229880003A8270 /* zbar-samples.png */,
			);
			path = Resources;
			sourceTree = "<group>";
		};
		3C5F9C8515113FFC00201B20 /* KeychainWrapper */ = {
			isa = PBXGroup;
			children = (
				3C5F9C861511401F00201B20 /* KeychainWrapper.h */,
				3C5F9C871511401F00201B20 /* KeychainWrapper.m */,
			);
			name = KeychainWrapper;
			sourceTree = "<group>";
		};
		3C7CB19E150D9C6B0056E1FD /* ScaledImage */ = {
			isa = PBXGroup;
			children = (
				3C7CB19B150D99DB0056E1FD /* UIImage+ScaledImage.h */,
				3C7CB19C150D99DB0056E1FD /* UIImage+ScaledImage.m */,
			);
			name = ScaledImage;
			sourceTree = "<group>";
		};
		3C7CB1A8150DCBFF0056E1FD /* MBProgressHUD */ = {
			isa = PBXGroup;
			children = (
				3C7CB1A9150DCC1F0056E1FD /* MBProgressHUD.h */,
				3C7CB1AA150DCC1F0056E1FD /* MBProgressHUD.m */,
			);
			name = MBProgressHUD;
			sourceTree = "<group>";
		};
		3CF24A4F150C8A530048A70B /* Products */ = {
			isa = PBXGroup;
			children = (
				3CF24A59150C8A540048A70B /* libRestKit.a */,
				3CF24A5B150C8A540048A70B /* RestKitTests.octest */,
				3CF24A5D150C8A540048A70B /* RestKit.framework */,
				3CF24A5F150C8A540048A70B /* RestKitFrameworkTests.octest */,
			);
			name = Products;
			sourceTree = "<group>";
		};
		3CF24A6F150C9ED00048A70B /* Models */ = {
			isa = PBXGroup;
			children = (
				3CB0C1671523E7A600356F60 /* Transaction.h */,
				3CB0C1681523E7A600356F60 /* Transaction.m */,
				3C8714C0151475CF00722C6C /* SimpleMoney.xcdatamodeld */,
				8604B82E154AB772002989DE /* Merchant.h */,
				8604B82F154AB772002989DE /* Merchant.m */,
				3CB0C16A1523E7DF00356F60 /* User.h */,
				3CB0C16B1523E7DF00356F60 /* User.m */,
			);
			name = Models;
			sourceTree = "<group>";
		};
		3CF24A8F150D8A860048A70B /* Products */ = {
			isa = PBXGroup;
			children = (
				3CF24A96150D8A860048A70B /* libSDWebImage.a */,
			);
			name = Products;
			sourceTree = "<group>";
		};
		3CF24A98150D8C350048A70B /* CurledImageView */ = {
			isa = PBXGroup;
			children = (
				3C235A9B150C6C920036B08B /* CurledViewBase.h */,
				3C235A9C150C6C920036B08B /* CurledViewBase.m */,
				3CF24A46150C80FC0048A70B /* UIButton+Curled.h */,
				3CF24A47150C80FC0048A70B /* UIButton+Curled.m */,
				3C235A9D150C6C920036B08B /* UIImageView+Curled.h */,
				3C235A9E150C6C920036B08B /* UIImageView+Curled.m */,
			);
			name = CurledImageView;
			sourceTree = "<group>";
		};
		3CF2B0EF151428D000B067B0 /* Authentication */ = {
			isa = PBXGroup;
			children = (
				3C0FC88115114BF800A30E66 /* AuthViewController.h */,
				3C0FC88215114BF800A30E66 /* AuthViewController.m */,
				3C12D40F150C6837000915A5 /* SignUpViewController.h */,
				3C12D410150C6837000915A5 /* SignUpViewController.m */,
				3C12D409150C4CF5000915A5 /* SignInViewController.h */,
				3C12D40A150C4CF5000915A5 /* SignInViewController.m */,
			);
			name = Authentication;
			sourceTree = "<group>";
		};
/* End PBXGroup section */

/* Begin PBXNativeTarget section */
		3C12D3C3150C45F9000915A5 /* SimpleMoney */ = {
			isa = PBXNativeTarget;
			buildConfigurationList = 3C12D3FA150C45F9000915A5 /* Build configuration list for PBXNativeTarget "SimpleMoney" */;
			buildPhases = (
				3C12D3C0150C45F9000915A5 /* Sources */,
				3C12D3C1150C45F9000915A5 /* Frameworks */,
				3C12D3C2150C45F9000915A5 /* Resources */,
			);
			buildRules = (
			);
			dependencies = (
				3CF24A9B150D8CFB0048A70B /* PBXTargetDependency */,
				3CF24A61150C8AA10048A70B /* PBXTargetDependency */,
			);
			name = SimpleMoney;
			productName = SimpleMoney;
			productReference = 3C12D3C4150C45F9000915A5 /* SimpleMoney.app */;
			productType = "com.apple.product-type.application";
		};
		3C12D3E7150C45F9000915A5 /* SimpleMoneyTests */ = {
			isa = PBXNativeTarget;
			buildConfigurationList = 3C12D3FD150C45F9000915A5 /* Build configuration list for PBXNativeTarget "SimpleMoneyTests" */;
			buildPhases = (
				3C12D3E3150C45F9000915A5 /* Sources */,
				3C12D3E4150C45F9000915A5 /* Frameworks */,
				3C12D3E5150C45F9000915A5 /* Resources */,
				3C12D3E6150C45F9000915A5 /* ShellScript */,
			);
			buildRules = (
			);
			dependencies = (
				3C12D3EE150C45F9000915A5 /* PBXTargetDependency */,
			);
			name = SimpleMoneyTests;
			productName = SimpleMoneyTests;
			productReference = 3C12D3E8150C45F9000915A5 /* SimpleMoneyTests.octest */;
			productType = "com.apple.product-type.bundle";
		};
/* End PBXNativeTarget section */

/* Begin PBXProject section */
		3C12D3BB150C45F9000915A5 /* Project object */ = {
			isa = PBXProject;
			attributes = {
				LastUpgradeCheck = 0440;
			};
			buildConfigurationList = 3C12D3BE150C45F9000915A5 /* Build configuration list for PBXProject "SimpleMoney" */;
			compatibilityVersion = "Xcode 3.2";
			developmentRegion = English;
			hasScannedForEncodings = 0;
			knownRegions = (
				en,
			);
			mainGroup = 3C12D3B9150C45F9000915A5;
			productRefGroup = 3C12D3C5150C45F9000915A5 /* Products */;
			projectDirPath = "";
			projectReferences = (
				{
					ProductGroup = 3CF24A4F150C8A530048A70B /* Products */;
					ProjectRef = 3CF24A4E150C8A530048A70B /* RestKit.xcodeproj */;
				},
				{
					ProductGroup = 3CF24A8F150D8A860048A70B /* Products */;
					ProjectRef = 3CF24A8E150D8A860048A70B /* SDWebImage.xcodeproj */;
				},
			);
			projectRoot = "";
			targets = (
				3C12D3C3150C45F9000915A5 /* SimpleMoney */,
				3C12D3E7150C45F9000915A5 /* SimpleMoneyTests */,
			);
		};
/* End PBXProject section */

/* Begin PBXReferenceProxy section */
		3CF24A59150C8A540048A70B /* libRestKit.a */ = {
			isa = PBXReferenceProxy;
			fileType = archive.ar;
			path = libRestKit.a;
			remoteRef = 3CF24A58150C8A540048A70B /* PBXContainerItemProxy */;
			sourceTree = BUILT_PRODUCTS_DIR;
		};
		3CF24A5B150C8A540048A70B /* RestKitTests.octest */ = {
			isa = PBXReferenceProxy;
			fileType = wrapper.cfbundle;
			path = RestKitTests.octest;
			remoteRef = 3CF24A5A150C8A540048A70B /* PBXContainerItemProxy */;
			sourceTree = BUILT_PRODUCTS_DIR;
		};
		3CF24A5D150C8A540048A70B /* RestKit.framework */ = {
			isa = PBXReferenceProxy;
			fileType = wrapper.framework;
			path = RestKit.framework;
			remoteRef = 3CF24A5C150C8A540048A70B /* PBXContainerItemProxy */;
			sourceTree = BUILT_PRODUCTS_DIR;
		};
		3CF24A5F150C8A540048A70B /* RestKitFrameworkTests.octest */ = {
			isa = PBXReferenceProxy;
			fileType = wrapper.cfbundle;
			path = RestKitFrameworkTests.octest;
			remoteRef = 3CF24A5E150C8A540048A70B /* PBXContainerItemProxy */;
			sourceTree = BUILT_PRODUCTS_DIR;
		};
		3CF24A96150D8A860048A70B /* libSDWebImage.a */ = {
			isa = PBXReferenceProxy;
			fileType = archive.ar;
			path = libSDWebImage.a;
			remoteRef = 3CF24A95150D8A860048A70B /* PBXContainerItemProxy */;
			sourceTree = BUILT_PRODUCTS_DIR;
		};
/* End PBXReferenceProxy section */

/* Begin PBXResourcesBuildPhase section */
		3C12D3C2150C45F9000915A5 /* Resources */ = {
			isa = PBXResourcesBuildPhase;
			buildActionMask = 2147483647;
			files = (
				3CA292C01519545400467578 /* SimpleMoney.entitlements in Resources */,
				3C12D3D3150C45F9000915A5 /* InfoPlist.strings in Resources */,
				3C12D3DC150C45F9000915A5 /* MainStoryboard_iPhone.storyboard in Resources */,
				3C12D40D150C64BF000915A5 /* landing-bg@2x.png in Resources */,
				3CF24A83150CB09D0048A70B /* profile.png in Resources */,
				3CF24A84150CB09D0048A70B /* profile@2x.png in Resources */,
				3CF24A86150CB25D0048A70B /* landing-bg.png in Resources */,
				3CF24A89150D6BA70048A70B /* photobutton.png in Resources */,
				3CF24A8A150D6BA70048A70B /* photobutton@2x.png in Resources */,
				3C7CB1B4150DD4890056E1FD /* checkmark.png in Resources */,
				3C7CB1B6150DD6500056E1FD /* checkmark@2x.png in Resources */,
				3CF2B0FC15142F3300B067B0 /* arrow.png in Resources */,
				3CF2B0FD15142F3300B067B0 /* arrow@2x.png in Resources */,
				3C0C1331151A4ED800D034B8 /* error@2x.png in Resources */,
				3C0C1332151A4ED800D034B8 /* error.png in Resources */,
				3C14FB29151EA33D00F9F421 /* tcell@2x.png in Resources */,
				3C14FB2A151EA33D00F9F421 /* tcell.png in Resources */,
				3C2D6EB5151EDE7000086CAF /* paper-button.png in Resources */,
				3C2D6EB7151EE2D300086CAF /* sendmoney-bg.png in Resources */,
				3C3C92C315229880003A8270 /* zbar-back.png in Resources */,
				3C3C92C415229880003A8270 /* zbar-help.html in Resources */,
				3C3C92C515229880003A8270 /* zbar-helpicons.png in Resources */,
				3C3C92C615229880003A8270 /* zbar-samples.png in Resources */,
				8694F4B81528D6BD00E35A06 /* dollarsign.png in Resources */,
				8694F4BC1528D81F00E35A06 /* groupedtable.png in Resources */,
				8694F4C21529076200E35A06 /* groupedtop.png in Resources */,
				8694F4C31529076200E35A06 /* groupedbottom.png in Resources */,
				8694F4C515290B6900E35A06 /* top.png in Resources */,
				8694F4D6152AAC3700E35A06 /* closed.png in Resources */,
				864D1CB3152ADA000032CAB7 /* x.png in Resources */,
				86F5D75015401516005F6C0F /* Screen Shot 2012-04-05 at 2.58.36 AM.png in Resources */,
				86F5D7531540153D005F6C0F /* PINBox.png in Resources */,
				86F5D7541540153D005F6C0F /* PINBox@2x.png in Resources */,
				86E209AD1541337700E52DB3 /* iphonewireframe.png in Resources */,
				86E209AE1541337700E52DB3 /* iphonewireframe@2x.png in Resources */,
				86E209AF1541337700E52DB3 /* pay-here.png in Resources */,
				86E209B01541337700E52DB3 /* pay-here@2x.png in Resources */,
			);
			runOnlyForDeploymentPostprocessing = 0;
		};
		3C12D3E5150C45F9000915A5 /* Resources */ = {
			isa = PBXResourcesBuildPhase;
			buildActionMask = 2147483647;
			files = (
				3C12D3F4150C45F9000915A5 /* InfoPlist.strings in Resources */,
			);
			runOnlyForDeploymentPostprocessing = 0;
		};
/* End PBXResourcesBuildPhase section */

/* Begin PBXShellScriptBuildPhase section */
		3C12D3E6150C45F9000915A5 /* ShellScript */ = {
			isa = PBXShellScriptBuildPhase;
			buildActionMask = 2147483647;
			files = (
			);
			inputPaths = (
			);
			outputPaths = (
			);
			runOnlyForDeploymentPostprocessing = 0;
			shellPath = /bin/sh;
			shellScript = "# Run the unit tests in this test bundle.\n\"${SYSTEM_DEVELOPER_DIR}/Tools/RunUnitTests\"\n";
		};
/* End PBXShellScriptBuildPhase section */

/* Begin PBXSourcesBuildPhase section */
		3C12D3C0150C45F9000915A5 /* Sources */ = {
			isa = PBXSourcesBuildPhase;
			buildActionMask = 2147483647;
			files = (
				3C12D3D5150C45F9000915A5 /* main.m in Sources */,
				3C12D3D9150C45F9000915A5 /* AppDelegate.m in Sources */,
				3C12D40B150C4CF5000915A5 /* SignInViewController.m in Sources */,
				3C12D411150C6837000915A5 /* SignUpViewController.m in Sources */,
				3CF24A3F150C74C40048A70B /* CurledViewBase.m in Sources */,
				3CF24A49150C810B0048A70B /* UIButton+Curled.m in Sources */,
				3CF24A40150C74C40048A70B /* UIImageView+Curled.m in Sources */,
				3C7CB19D150D99DB0056E1FD /* UIImage+ScaledImage.m in Sources */,
				3C7CB1B0150DCE330056E1FD /* MBProgressHUD.m in Sources */,
				3CF2B0F915142BB600B067B0 /* PullToRefreshView.m in Sources */,
				3C5F9C84151138C300201B20 /* InitialViewController.m in Sources */,
				3C5F9C881511401F00201B20 /* KeychainWrapper.m in Sources */,
				3C0FC88015114B2700A30E66 /* HomeViewController.m in Sources */,
				3C0FC88315114BF800A30E66 /* AuthViewController.m in Sources */,
				3CF2B0F21514293800B067B0 /* InvoicesViewController.m in Sources */,
				3CF2B0F51514294D00B067B0 /* BillsViewController.m in Sources */,
				3C8714C2151475CF00722C6C /* SimpleMoney.xcdatamodeld in Sources */,
				3C75D62E15159B51004269B1 /* TransactionCell.m in Sources */,
				3C14FB26151E9A3E00F9F421 /* TransactionTextField.m in Sources */,
				3CB0C1691523E7A600356F60 /* Transaction.m in Sources */,
				3CB0C16C1523E7DF00356F60 /* User.m in Sources */,
				8694F4BF1528D9D000E35A06 /* UIPlaceHolderTextView.m in Sources */,
				8694F4CF152AA3C800E35A06 /* SendAndRequestMoneyTableViewController.m in Sources */,
				8694F4D2152AA4EB00E35A06 /* ABContactCell.m in Sources */,
				86F5D75A15401D7C005F6C0F /* PaymentAuthorizedViewController.m in Sources */,
				86F5D75E15403120005F6C0F /* UIButton+WebCache.m in Sources */,
				86F5D75F15403164005F6C0F /* GCStoryboardPINViewController.m in Sources */,
				86E209771540F13C00E52DB3 /* QRCodeReaderViewController.m in Sources */,
				862AB1B21542C250007B23EB /* HiddenTabBarViewController.m in Sources */,
				8604B816154A675A002989DE /* NearbyTestViewController.m in Sources */,
				8604B821154AA287002989DE /* LocalDealsTabBarViewController.m in Sources */,
				8604B824154AA848002989DE /* LocalDealsMapViewController.m in Sources */,
				8604B827154AA9A5002989DE /* LocalDealsTableViewController.m in Sources */,
				8604B830154AB772002989DE /* Merchant.m in Sources */,
				868EFCD5154B0A1800A15CD8 /* NearbyMerchant.m in Sources */,
			);
			runOnlyForDeploymentPostprocessing = 0;
		};
		3C12D3E3150C45F9000915A5 /* Sources */ = {
			isa = PBXSourcesBuildPhase;
			buildActionMask = 2147483647;
			files = (
				3C12D3F7150C45F9000915A5 /* SimpleMoneyTests.m in Sources */,
				3C235A9F150C6C920036B08B /* CurledViewBase.m in Sources */,
				3C235AA0150C6C920036B08B /* UIImageView+Curled.m in Sources */,
				3CF24A48150C80FC0048A70B /* UIButton+Curled.m in Sources */,
				3C7CB1AB150DCC1F0056E1FD /* MBProgressHUD.m in Sources */,
				3CF2B0F81514299E00B067B0 /* PullToRefreshView.m in Sources */,
			);
			runOnlyForDeploymentPostprocessing = 0;
		};
/* End PBXSourcesBuildPhase section */

/* Begin PBXTargetDependency section */
		3C12D3EE150C45F9000915A5 /* PBXTargetDependency */ = {
			isa = PBXTargetDependency;
			target = 3C12D3C3150C45F9000915A5 /* SimpleMoney */;
			targetProxy = 3C12D3ED150C45F9000915A5 /* PBXContainerItemProxy */;
		};
		3CF24A61150C8AA10048A70B /* PBXTargetDependency */ = {
			isa = PBXTargetDependency;
			name = RestKit;
			targetProxy = 3CF24A60150C8AA10048A70B /* PBXContainerItemProxy */;
		};
		3CF24A9B150D8CFB0048A70B /* PBXTargetDependency */ = {
			isa = PBXTargetDependency;
			name = SDWebImage;
			targetProxy = 3CF24A9A150D8CFB0048A70B /* PBXContainerItemProxy */;
		};
/* End PBXTargetDependency section */

/* Begin PBXVariantGroup section */
		3C12D3D1150C45F9000915A5 /* InfoPlist.strings */ = {
			isa = PBXVariantGroup;
			children = (
				3C12D3D2150C45F9000915A5 /* en */,
			);
			name = InfoPlist.strings;
			sourceTree = "<group>";
		};
		3C12D3DA150C45F9000915A5 /* MainStoryboard_iPhone.storyboard */ = {
			isa = PBXVariantGroup;
			children = (
				3C12D3DB150C45F9000915A5 /* en */,
			);
			name = MainStoryboard_iPhone.storyboard;
			sourceTree = "<group>";
		};
		3C12D3F2150C45F9000915A5 /* InfoPlist.strings */ = {
			isa = PBXVariantGroup;
			children = (
				3C12D3F3150C45F9000915A5 /* en */,
			);
			name = InfoPlist.strings;
			sourceTree = "<group>";
		};
/* End PBXVariantGroup section */

/* Begin XCBuildConfiguration section */
		3C12D3F8150C45F9000915A5 /* Debug */ = {
			isa = XCBuildConfiguration;
			buildSettings = {
				ALWAYS_SEARCH_USER_PATHS = NO;
				ARCHS = "$(ARCHS_STANDARD_32_BIT)";
				CLANG_ENABLE_OBJC_ARC = YES;
				CODE_SIGN_ENTITLEMENTS = SimpleMoney/SimpleMoney.entitlements;
				"CODE_SIGN_ENTITLEMENTS[sdk=iphoneos5.1]" = "";
				"CODE_SIGN_IDENTITY[sdk=iphoneos*]" = "iPhone Developer";
				COPY_PHASE_STRIP = NO;
				GCC_C_LANGUAGE_STANDARD = gnu99;
				GCC_DYNAMIC_NO_PIC = NO;
				GCC_OPTIMIZATION_LEVEL = 0;
				GCC_PREPROCESSOR_DEFINITIONS = (
					"DEBUG=1",
					"$(inherited)",
				);
				GCC_SYMBOLS_PRIVATE_EXTERN = NO;
				GCC_VERSION = com.apple.compilers.llvm.clang.1_0;
				GCC_WARN_ABOUT_RETURN_TYPE = YES;
				GCC_WARN_UNINITIALIZED_AUTOS = YES;
				GCC_WARN_UNUSED_VARIABLE = YES;
				IPHONEOS_DEPLOYMENT_TARGET = 5.0;
				SDKROOT = iphoneos;
				TARGETED_DEVICE_FAMILY = "1,2";
			};
			name = Debug;
		};
		3C12D3F9150C45F9000915A5 /* Release */ = {
			isa = XCBuildConfiguration;
			buildSettings = {
				ALWAYS_SEARCH_USER_PATHS = NO;
				ARCHS = "$(ARCHS_STANDARD_32_BIT)";
				CLANG_ENABLE_OBJC_ARC = YES;
				CODE_SIGN_ENTITLEMENTS = SimpleMoney/SimpleMoney.entitlements;
				"CODE_SIGN_IDENTITY[sdk=iphoneos*]" = "iPhone Developer";
				COPY_PHASE_STRIP = YES;
				GCC_C_LANGUAGE_STANDARD = gnu99;
				GCC_VERSION = com.apple.compilers.llvm.clang.1_0;
				GCC_WARN_ABOUT_RETURN_TYPE = YES;
				GCC_WARN_UNINITIALIZED_AUTOS = YES;
				GCC_WARN_UNUSED_VARIABLE = YES;
				IPHONEOS_DEPLOYMENT_TARGET = 5.0;
				OTHER_CFLAGS = "-DNS_BLOCK_ASSERTIONS=1";
				SDKROOT = iphoneos;
				TARGETED_DEVICE_FAMILY = "1,2";
				VALIDATE_PRODUCT = YES;
			};
			name = Release;
		};
		3C12D3FB150C45F9000915A5 /* Debug */ = {
			isa = XCBuildConfiguration;
			buildSettings = {
				CODE_SIGN_ENTITLEMENTS = "";
				FRAMEWORK_SEARCH_PATHS = (
					"$(inherited)",
					"\"$(SRCROOT)\"",
				);
				GCC_PRECOMPILE_PREFIX_HEADER = YES;
				GCC_PREFIX_HEADER = "SimpleMoney/SimpleMoney-Prefix.pch";
				HEADER_SEARCH_PATHS = (
					zxing/cpp/core/src,
					"zxing/iphone/ZXingWidget/Classes/**",
				);
				INFOPLIST_FILE = "SimpleMoney/SimpleMoney-Info.plist";
				LIBRARY_SEARCH_PATHS = (
					"$(inherited)",
					"\"$(SRCROOT)\"",
					"\"$(SRCROOT)/ZBarSDK\"",
				);
				OTHER_LDFLAGS = (
					"-all_load",
					"-ObjC",
					"-v",
				);
				PRODUCT_NAME = "$(TARGET_NAME)";
				USER_HEADER_SEARCH_PATHS = "$(BUILT_PRODUCTS_DIR)/**";
				WRAPPER_EXTENSION = app;
			};
			name = Debug;
		};
		3C12D3FC150C45F9000915A5 /* Release */ = {
			isa = XCBuildConfiguration;
			buildSettings = {
				CODE_SIGN_ENTITLEMENTS = "";
				FRAMEWORK_SEARCH_PATHS = (
					"$(inherited)",
					"\"$(SRCROOT)\"",
				);
				GCC_PRECOMPILE_PREFIX_HEADER = YES;
				GCC_PREFIX_HEADER = "SimpleMoney/SimpleMoney-Prefix.pch";
				HEADER_SEARCH_PATHS = (
					zxing/cpp/core/src,
					"zxing/iphone/ZXingWidget/Classes/**",
				);
				INFOPLIST_FILE = "SimpleMoney/SimpleMoney-Info.plist";
				LIBRARY_SEARCH_PATHS = (
					"$(inherited)",
					"\"$(SRCROOT)\"",
					"\"$(SRCROOT)/ZBarSDK\"",
				);
				OTHER_LDFLAGS = (
					"-all_load",
					"-ObjC",
					"-v",
				);
				PRODUCT_NAME = "$(TARGET_NAME)";
				USER_HEADER_SEARCH_PATHS = "$(BUILT_PRODUCTS_DIR)/**";
				WRAPPER_EXTENSION = app;
			};
			name = Release;
		};
		3C12D3FE150C45F9000915A5 /* Debug */ = {
			isa = XCBuildConfiguration;
			buildSettings = {
				BUNDLE_LOADER = "$(BUILT_PRODUCTS_DIR)/SimpleMoney.app/SimpleMoney";
				FRAMEWORK_SEARCH_PATHS = (
					"$(SDKROOT)/Developer/Library/Frameworks",
					"$(DEVELOPER_LIBRARY_DIR)/Frameworks",
				);
				GCC_PRECOMPILE_PREFIX_HEADER = YES;
				GCC_PREFIX_HEADER = "SimpleMoney/SimpleMoney-Prefix.pch";
				INFOPLIST_FILE = "SimpleMoneyTests/SimpleMoneyTests-Info.plist";
				LIBRARY_SEARCH_PATHS = (
					"$(inherited)",
					"\"$(SRCROOT)\"",
				);
				PRODUCT_NAME = "$(TARGET_NAME)";
				TEST_HOST = "$(BUNDLE_LOADER)";
				WRAPPER_EXTENSION = octest;
			};
			name = Debug;
		};
		3C12D3FF150C45F9000915A5 /* Release */ = {
			isa = XCBuildConfiguration;
			buildSettings = {
				BUNDLE_LOADER = "$(BUILT_PRODUCTS_DIR)/SimpleMoney.app/SimpleMoney";
				FRAMEWORK_SEARCH_PATHS = (
					"$(SDKROOT)/Developer/Library/Frameworks",
					"$(DEVELOPER_LIBRARY_DIR)/Frameworks",
				);
				GCC_PRECOMPILE_PREFIX_HEADER = YES;
				GCC_PREFIX_HEADER = "SimpleMoney/SimpleMoney-Prefix.pch";
				INFOPLIST_FILE = "SimpleMoneyTests/SimpleMoneyTests-Info.plist";
				LIBRARY_SEARCH_PATHS = (
					"$(inherited)",
					"\"$(SRCROOT)\"",
				);
				PRODUCT_NAME = "$(TARGET_NAME)";
				TEST_HOST = "$(BUNDLE_LOADER)";
				WRAPPER_EXTENSION = octest;
			};
			name = Release;
		};
/* End XCBuildConfiguration section */

/* Begin XCConfigurationList section */
		3C12D3BE150C45F9000915A5 /* Build configuration list for PBXProject "SimpleMoney" */ = {
			isa = XCConfigurationList;
			buildConfigurations = (
				3C12D3F8150C45F9000915A5 /* Debug */,
				3C12D3F9150C45F9000915A5 /* Release */,
			);
			defaultConfigurationIsVisible = 0;
			defaultConfigurationName = Release;
		};
		3C12D3FA150C45F9000915A5 /* Build configuration list for PBXNativeTarget "SimpleMoney" */ = {
			isa = XCConfigurationList;
			buildConfigurations = (
				3C12D3FB150C45F9000915A5 /* Debug */,
				3C12D3FC150C45F9000915A5 /* Release */,
			);
			defaultConfigurationIsVisible = 0;
			defaultConfigurationName = Release;
		};
		3C12D3FD150C45F9000915A5 /* Build configuration list for PBXNativeTarget "SimpleMoneyTests" */ = {
			isa = XCConfigurationList;
			buildConfigurations = (
				3C12D3FE150C45F9000915A5 /* Debug */,
				3C12D3FF150C45F9000915A5 /* Release */,
			);
			defaultConfigurationIsVisible = 0;
			defaultConfigurationName = Release;
		};
/* End XCConfigurationList section */

/* Begin XCVersionGroup section */
		3C8714C0151475CF00722C6C /* SimpleMoney.xcdatamodeld */ = {
			isa = XCVersionGroup;
			children = (
				3C8714C1151475CF00722C6C /* SimpleMoney.xcdatamodel */,
			);
			currentVersion = 3C8714C1151475CF00722C6C /* SimpleMoney.xcdatamodel */;
			path = SimpleMoney.xcdatamodeld;
			sourceTree = "<group>";
			versionGroupType = wrapper.xcdatamodel;
		};
/* End XCVersionGroup section */
	};
	rootObject = 3C12D3BB150C45F9000915A5 /* Project object */;
}
